// !$*UTF8*$!
{
	archiveVersion = 1;
	classes = {
	};
	objectVersion = 70;
	objects = {

/* Begin PBXBuildFile section */
		4E0126A82B4D5400007110CC /* MemoDetailViewSelectedImageCollectionView.swift in Sources */ = {isa = PBXBuildFile; fileRef = 4E0126A72B4D5400007110CC /* MemoDetailViewSelectedImageCollectionView.swift */; };
		4E0BDF4C2B3D38C400813DCA /* OrderSettingViewController.swift in Sources */ = {isa = PBXBuildFile; fileRef = 4E0BDF4B2B3D38C000813DCA /* OrderSettingViewController.swift */; };
		4E0BDF4D2B3D38C800813DCA /* OrderSettingTableViewCell.swift in Sources */ = {isa = PBXBuildFile; fileRef = 4E0BDF492B3D38C000813DCA /* OrderSettingTableViewCell.swift */; };
		4E0BDF4E2B3D38C800813DCA /* OrderSettingView.swift in Sources */ = {isa = PBXBuildFile; fileRef = 4E0BDF4A2B3D38C000813DCA /* OrderSettingView.swift */; };
		4E10F8442B654162007B468A /* NoteCardCoreData.xcdatamodeld in Sources */ = {isa = PBXBuildFile; fileRef = 4E10F8422B654162007B468A /* NoteCardCoreData.xcdatamodeld */; };
		4E1384A52AF37B350063817B /* AppDelegate.swift in Sources */ = {isa = PBXBuildFile; fileRef = 4E1384A42AF37B350063817B /* AppDelegate.swift */; };
		4E1384A72AF37B350063817B /* SceneDelegate.swift in Sources */ = {isa = PBXBuildFile; fileRef = 4E1384A62AF37B350063817B /* SceneDelegate.swift */; };
		4E1384A92AF37B350063817B /* ViewController.swift in Sources */ = {isa = PBXBuildFile; fileRef = 4E1384A82AF37B350063817B /* ViewController.swift */; };
		4E1384B12AF37B370063817B /* Assets.xcassets in Resources */ = {isa = PBXBuildFile; fileRef = 4E1384B02AF37B370063817B /* Assets.xcassets */; };
		4E1384B42AF37B370063817B /* LaunchScreen.storyboard in Resources */ = {isa = PBXBuildFile; fileRef = 4E1384B22AF37B370063817B /* LaunchScreen.storyboard */; };
		4E1384D82AF382A40063817B /* CategoryEntity+CoreDataClass.swift in Sources */ = {isa = PBXBuildFile; fileRef = 4E1384D22AF382A40063817B /* CategoryEntity+CoreDataClass.swift */; };
		4E1384D92AF382A40063817B /* CategoryEntity+CoreDataProperties.swift in Sources */ = {isa = PBXBuildFile; fileRef = 4E1384D32AF382A40063817B /* CategoryEntity+CoreDataProperties.swift */; };
		4E1384DA2AF382A40063817B /* ImageEntity+CoreDataClass.swift in Sources */ = {isa = PBXBuildFile; fileRef = 4E1384D42AF382A40063817B /* ImageEntity+CoreDataClass.swift */; };
		4E1384DB2AF382A40063817B /* ImageEntity+CoreDataProperties.swift in Sources */ = {isa = PBXBuildFile; fileRef = 4E1384D52AF382A40063817B /* ImageEntity+CoreDataProperties.swift */; };
		4E1384DC2AF382A40063817B /* MemoEntity+CoreDataClass.swift in Sources */ = {isa = PBXBuildFile; fileRef = 4E1384D62AF382A40063817B /* MemoEntity+CoreDataClass.swift */; };
		4E1384DD2AF382A40063817B /* MemoEntity+CoreDataProperties.swift in Sources */ = {isa = PBXBuildFile; fileRef = 4E1384D72AF382A40063817B /* MemoEntity+CoreDataProperties.swift */; };
		4E1384DF2AF382F70063817B /* ImageEntityManager.swift in Sources */ = {isa = PBXBuildFile; fileRef = 4E1384DE2AF382F70063817B /* ImageEntityManager.swift */; };
		4E1384E12AF3833E0063817B /* MemoEntityManager.swift in Sources */ = {isa = PBXBuildFile; fileRef = 4E1384E02AF3833E0063817B /* MemoEntityManager.swift */; };
		4E1384E32AF3839F0063817B /* CategoryEntityManager.swift in Sources */ = {isa = PBXBuildFile; fileRef = 4E1384E22AF3839F0063817B /* CategoryEntityManager.swift */; };
		4E1384E52AF383D70063817B /* DataManager.swift in Sources */ = {isa = PBXBuildFile; fileRef = 4E1384E42AF383D70063817B /* DataManager.swift */; };
		4E1384E92AF3840A0063817B /* DateManager.swift in Sources */ = {isa = PBXBuildFile; fileRef = 4E1384E82AF3840A0063817B /* DateManager.swift */; };
		4E1384EB2AF3843A0063817B /* HomeViewController.swift in Sources */ = {isa = PBXBuildFile; fileRef = 4E1384EA2AF3843A0063817B /* HomeViewController.swift */; };
		4E1384ED2AF3846C0063817B /* HomeView.swift in Sources */ = {isa = PBXBuildFile; fileRef = 4E1384EC2AF3846C0063817B /* HomeView.swift */; };
		4E1384EF2AF384880063817B /* HomeHeaderView.swift in Sources */ = {isa = PBXBuildFile; fileRef = 4E1384EE2AF384880063817B /* HomeHeaderView.swift */; };
		4E1384F12AF384A70063817B /* HomeCategoryCell.swift in Sources */ = {isa = PBXBuildFile; fileRef = 4E1384F02AF384A70063817B /* HomeCategoryCell.swift */; };
		4E1384F32AF384C80063817B /* HomeCardCell.swift in Sources */ = {isa = PBXBuildFile; fileRef = 4E1384F22AF384C80063817B /* HomeCardCell.swift */; };
		4E1384F72AF385090063817B /* PopupCardViewController.swift in Sources */ = {isa = PBXBuildFile; fileRef = 4E1384F62AF385090063817B /* PopupCardViewController.swift */; };
		4E1384F92AF3851B0063817B /* PopupCardView.swift in Sources */ = {isa = PBXBuildFile; fileRef = 4E1384F82AF3851B0063817B /* PopupCardView.swift */; };
		4E1384FB2AF385340063817B /* PopupCardPresentationController.swift in Sources */ = {isa = PBXBuildFile; fileRef = 4E1384FA2AF385340063817B /* PopupCardPresentationController.swift */; };
		4E1384FD2AF385580063817B /* HomeViewPopupCardAnimatedTransitioning.swift in Sources */ = {isa = PBXBuildFile; fileRef = 4E1384FC2AF385580063817B /* HomeViewPopupCardAnimatedTransitioning.swift */; };
		4E1384FF2AF385750063817B /* PercentDrivenInteractiveTransition.swift in Sources */ = {isa = PBXBuildFile; fileRef = 4E1384FE2AF385750063817B /* PercentDrivenInteractiveTransition.swift */; };
		4E1385012AF3859D0063817B /* CategoryListViewController.swift in Sources */ = {isa = PBXBuildFile; fileRef = 4E1385002AF3859D0063817B /* CategoryListViewController.swift */; };
		4E1385032AF385B00063817B /* CategoryListTableViewCell.swift in Sources */ = {isa = PBXBuildFile; fileRef = 4E1385022AF385B00063817B /* CategoryListTableViewCell.swift */; };
		4E1385052AF385F20063817B /* CreateCategoryViewController.swift in Sources */ = {isa = PBXBuildFile; fileRef = 4E1385042AF385F20063817B /* CreateCategoryViewController.swift */; };
		4E1385072AF3860B0063817B /* CreateCategoryView.swift in Sources */ = {isa = PBXBuildFile; fileRef = 4E1385062AF3860B0063817B /* CreateCategoryView.swift */; };
		4E1385092AF386260063817B /* InsetTextField.swift in Sources */ = {isa = PBXBuildFile; fileRef = 4E1385082AF386260063817B /* InsetTextField.swift */; };
		4E13850F2AF386750063817B /* MemoViewController.swift in Sources */ = {isa = PBXBuildFile; fileRef = 4E13850E2AF386750063817B /* MemoViewController.swift */; };
		4E1385112AF386920063817B /* MemoView.swift in Sources */ = {isa = PBXBuildFile; fileRef = 4E1385102AF386920063817B /* MemoView.swift */; };
		4E1385132AF386AF0063817B /* LargeCardCollectionViewCell.swift in Sources */ = {isa = PBXBuildFile; fileRef = 4E1385122AF386AF0063817B /* LargeCardCollectionViewCell.swift */; };
		4E1385152AF386D10063817B /* MemoImageCollectionViewCell.swift in Sources */ = {isa = PBXBuildFile; fileRef = 4E1385142AF386D10063817B /* MemoImageCollectionViewCell.swift */; };
		4E1385192AF387100063817B /* SmallCardCollectionViewCell.swift in Sources */ = {isa = PBXBuildFile; fileRef = 4E1385182AF387100063817B /* SmallCardCollectionViewCell.swift */; };
		4E13851C2AF387480063817B /* CardImageShowingViewController.swift in Sources */ = {isa = PBXBuildFile; fileRef = 4E13851B2AF387480063817B /* CardImageShowingViewController.swift */; };
		4E13851E2AF3875D0063817B /* CardImageShowingView.swift in Sources */ = {isa = PBXBuildFile; fileRef = 4E13851D2AF3875D0063817B /* CardImageShowingView.swift */; };
		4E1385202AF387890063817B /* CardImageShowingCollectionViewCell.swift in Sources */ = {isa = PBXBuildFile; fileRef = 4E13851F2AF387890063817B /* CardImageShowingCollectionViewCell.swift */; };
		4E1385222AF387AA0063817B /* CardImageShowingPresentationController.swift in Sources */ = {isa = PBXBuildFile; fileRef = 4E1385212AF387AA0063817B /* CardImageShowingPresentationController.swift */; };
		4E1385242AF387DE0063817B /* CardImageShowingAnimatedTransitioning.swift in Sources */ = {isa = PBXBuildFile; fileRef = 4E1385232AF387DE0063817B /* CardImageShowingAnimatedTransitioning.swift */; };
		4E1385282AF389850063817B /* MemoMakingViewController.swift in Sources */ = {isa = PBXBuildFile; fileRef = 4E1385272AF389850063817B /* MemoMakingViewController.swift */; };
		4E13852A2AF389930063817B /* MemoDetailView.swift in Sources */ = {isa = PBXBuildFile; fileRef = 4E1385292AF389930063817B /* MemoDetailView.swift */; };
		4E13853C2AF38B000063817B /* MemoEditingViewController.swift in Sources */ = {isa = PBXBuildFile; fileRef = 4E13853B2AF38B000063817B /* MemoEditingViewController.swift */; };
		4E13854C2AF38BE40063817B /* DetailViewSelectedImageViewController.swift in Sources */ = {isa = PBXBuildFile; fileRef = 4E13854B2AF38BE40063817B /* DetailViewSelectedImageViewController.swift */; };
		4E13854E2AF38BFD0063817B /* DetailViewSelectedImageView.swift in Sources */ = {isa = PBXBuildFile; fileRef = 4E13854D2AF38BFD0063817B /* DetailViewSelectedImageView.swift */; };
		4E2712042DA19C8C0007D53A /* ReuseIdentifiable.swift in Sources */ = {isa = PBXBuildFile; fileRef = 4E2712032DA19C8C0007D53A /* ReuseIdentifiable.swift */; };
		4E2712062DA1A12A0007D53A /* Shrinkable.swift in Sources */ = {isa = PBXBuildFile; fileRef = 4E2712052DA1A12A0007D53A /* Shrinkable.swift */; };
		4E2712082DA1A5D30007D53A /* HomeHeaderButton.swift in Sources */ = {isa = PBXBuildFile; fileRef = 4E2712072DA1A5D30007D53A /* HomeHeaderButton.swift */; };
		4E3E75742B678EB80073A951 /* DarkModeSettingViewController.swift in Sources */ = {isa = PBXBuildFile; fileRef = 4E3E75712B677EFB0073A951 /* DarkModeSettingViewController.swift */; };
		4E3E75752B678EBA0073A951 /* DarkModeSettingView.swift in Sources */ = {isa = PBXBuildFile; fileRef = 4E3E75722B677EFB0073A951 /* DarkModeSettingView.swift */; };
		4E3E75762B678EBD0073A951 /* DarkModeSettingTableViewCell.swift in Sources */ = {isa = PBXBuildFile; fileRef = 4E3E75732B677EFB0073A951 /* DarkModeSettingTableViewCell.swift */; };
		4E3E75782B67D3B60073A951 /* QuickMemoEmptyViewController.swift in Sources */ = {isa = PBXBuildFile; fileRef = 4E3E75772B67D3B60073A951 /* QuickMemoEmptyViewController.swift */; };
		4E3E757A2B67D3D40073A951 /* QuickMemoEmptyView.swift in Sources */ = {isa = PBXBuildFile; fileRef = 4E3E75792B67D3D40073A951 /* QuickMemoEmptyView.swift */; };
		4E3E757C2B6889260073A951 /* MainTabBarController.swift in Sources */ = {isa = PBXBuildFile; fileRef = 4E3E757B2B6889260073A951 /* MainTabBarController.swift */; };
		4E3F63562B0B7BFF004DD676 /* CategoryListView.swift in Sources */ = {isa = PBXBuildFile; fileRef = 4E3F63552B0B7BFF004DD676 /* CategoryListView.swift */; };
		4E462D692E2A1AF5004C0215 /* SmallCardCollectionView.swift in Sources */ = {isa = PBXBuildFile; fileRef = 4E462D682E2A1AF5004C0215 /* SmallCardCollectionView.swift */; };
		4E4FCCBA2B3C33E7000CBE17 /* DateFormatSettingViewController.swift in Sources */ = {isa = PBXBuildFile; fileRef = 4E4FCCB92B3C33E7000CBE17 /* DateFormatSettingViewController.swift */; };
		4E4FCCBC2B3C33FD000CBE17 /* DateFormatSettingView.swift in Sources */ = {isa = PBXBuildFile; fileRef = 4E4FCCBB2B3C33FD000CBE17 /* DateFormatSettingView.swift */; };
		4E4FCCBE2B3C3644000CBE17 /* DateFormatSettingTableViewCell.swift in Sources */ = {isa = PBXBuildFile; fileRef = 4E4FCCBD2B3C3644000CBE17 /* DateFormatSettingTableViewCell.swift */; };
		4E4FCCC32B3C5871000CBE17 /* TimeFormatSettingViewController.swift in Sources */ = {isa = PBXBuildFile; fileRef = 4E4FCCC02B3C571F000CBE17 /* TimeFormatSettingViewController.swift */; };
		4E4FCCC42B3C5873000CBE17 /* TimeFormatSettingView.swift in Sources */ = {isa = PBXBuildFile; fileRef = 4E4FCCC22B3C5810000CBE17 /* TimeFormatSettingView.swift */; };
		4E4FCCC52B3C5875000CBE17 /* TimeFormatSettingTableViewCell.swift in Sources */ = {isa = PBXBuildFile; fileRef = 4E4FCCC12B3C5810000CBE17 /* TimeFormatSettingTableViewCell.swift */; };
		4E59602D2B064BE20029BA3D /* SettingsViewController.swift in Sources */ = {isa = PBXBuildFile; fileRef = 4E59602C2B064BE20029BA3D /* SettingsViewController.swift */; };
		4E59602F2B064C290029BA3D /* SettingsView.swift in Sources */ = {isa = PBXBuildFile; fileRef = 4E59602E2B064C290029BA3D /* SettingsView.swift */; };
		4E5960312B0652AF0029BA3D /* SettingsTableViewCell.swift in Sources */ = {isa = PBXBuildFile; fileRef = 4E5960302B0652AF0029BA3D /* SettingsTableViewCell.swift */; };
		4E5960332B072E380029BA3D /* TotalListViewController.swift in Sources */ = {isa = PBXBuildFile; fileRef = 4E5960322B072E380029BA3D /* TotalListViewController.swift */; };
		4E5960352B072E640029BA3D /* TotalListCollectionViewCell.swift in Sources */ = {isa = PBXBuildFile; fileRef = 4E5960342B072E640029BA3D /* TotalListCollectionViewCell.swift */; };
		4E5960372B072E6F0029BA3D /* TotalListView.swift in Sources */ = {isa = PBXBuildFile; fileRef = 4E5960362B072E6F0029BA3D /* TotalListView.swift */; };
		4E6EE9692B201CDF0009DD84 /* LargeCardCollectionView.swift in Sources */ = {isa = PBXBuildFile; fileRef = 4E6EE9682B201CDF0009DD84 /* LargeCardCollectionView.swift */; };
		4E87D09F2B7A55200081D3D4 /* MemoSearchingCollectionView.swift in Sources */ = {isa = PBXBuildFile; fileRef = 4E87D09E2B7A55200081D3D4 /* MemoSearchingCollectionView.swift */; };
		4EA4011D2B14456700EB2FD3 /* TotalListViewPopupCardAnimatedTransitioning.swift in Sources */ = {isa = PBXBuildFile; fileRef = 4EA4011C2B14456700EB2FD3 /* TotalListViewPopupCardAnimatedTransitioning.swift */; };
		4EAF4F2C2E38580500A1AA36 /* Wisp in Frameworks */ = {isa = PBXBuildFile; productRef = 4EAF4F2B2E38580500A1AA36 /* Wisp */; };
		4EB46F982B0B215E00B4633F /* ColorModel.swift in Sources */ = {isa = PBXBuildFile; fileRef = 4EB46F972B0B215E00B4633F /* ColorModel.swift */; };
		4EBF7A212B0C8BAE0068BE57 /* CategoryListTableViewDiffableDataSource.swift in Sources */ = {isa = PBXBuildFile; fileRef = 4EBF7A202B0C8BAE0068BE57 /* CategoryListTableViewDiffableDataSource.swift */; };
		4EC220262B077F6B007C9326 /* TotalListCellCategoryCell.swift in Sources */ = {isa = PBXBuildFile; fileRef = 4EC220252B077F6B007C9326 /* TotalListCellCategoryCell.swift */; };
		4ECDA56F2E162753003D15F5 /* ThirdTabViewController.swift in Sources */ = {isa = PBXBuildFile; fileRef = 4ECDA56E2E162753003D15F5 /* ThirdTabViewController.swift */; };
		4ED333A62B332FCD00492B0F /* ThemeColorPickingViewController.swift in Sources */ = {isa = PBXBuildFile; fileRef = 4ED333A52B332FCD00492B0F /* ThemeColorPickingViewController.swift */; };
		4ED333A82B332FF000492B0F /* ThemeColorPickingView.swift in Sources */ = {isa = PBXBuildFile; fileRef = 4ED333A72B332FF000492B0F /* ThemeColorPickingView.swift */; };
		4ED333AA2B3336CB00492B0F /* ThemeColorPickingTableViewCell.swift in Sources */ = {isa = PBXBuildFile; fileRef = 4ED333A92B3336CB00492B0F /* ThemeColorPickingTableViewCell.swift */; };
		4ED42A822B3D6EDA00D14571 /* Localizable.strings in Resources */ = {isa = PBXBuildFile; fileRef = 4ED42A842B3D6EDA00D14571 /* Localizable.strings */; };
		4EDD37012E330286002AF29B /* CustomIntensityBlurView.swift in Sources */ = {isa = PBXBuildFile; fileRef = 4EDD37002E330286002AF29B /* CustomIntensityBlurView.swift */; };
		4EDF43172B2EB3F200AFEEB5 /* CategorySelectionViewController.swift in Sources */ = {isa = PBXBuildFile; fileRef = 4EDF43162B2EB3F200AFEEB5 /* CategorySelectionViewController.swift */; };
		4EE926872B4AB14900DC4674 /* CardImageShowingScrollView.swift in Sources */ = {isa = PBXBuildFile; fileRef = 4EE926862B4AB14900DC4674 /* CardImageShowingScrollView.swift */; };
		4EEEB25E2B0864740027AF01 /* MemoDetailViewSelectedImageCell.swift in Sources */ = {isa = PBXBuildFile; fileRef = 4EEEB25D2B0864740027AF01 /* MemoDetailViewSelectedImageCell.swift */; };
		4EEEB2602B0865B60027AF01 /* MemoDetailViewCategoryListCell.swift in Sources */ = {isa = PBXBuildFile; fileRef = 4EEEB25F2B0865B60027AF01 /* MemoDetailViewCategoryListCell.swift */; };
		4EEF141B2B14A74B001EB295 /* MemoViewPopupCardAnimatedTransitioning.swift in Sources */ = {isa = PBXBuildFile; fileRef = 4EEF141A2B14A74B001EB295 /* MemoViewPopupCardAnimatedTransitioning.swift */; };
		4EEFF4082B5CC155008F0BBB /* InfoPlist.strings in Resources */ = {isa = PBXBuildFile; fileRef = 4EEFF40A2B5CC155008F0BBB /* InfoPlist.strings */; };
		4EFA2F3D2B27413700FCDD1B /* LeftAlignedFlowLayout.swift in Sources */ = {isa = PBXBuildFile; fileRef = 4EFA2F3C2B27413700FCDD1B /* LeftAlignedFlowLayout.swift */; };
		4EFBF6A72E3648250044A206 /* CardViewController.swift in Sources */ = {isa = PBXBuildFile; fileRef = 4EFBF6A62E3648250044A206 /* CardViewController.swift */; };
		4EFBF6A92E36482F0044A206 /* CardView.swift in Sources */ = {isa = PBXBuildFile; fileRef = 4EFBF6A82E36482F0044A206 /* CardView.swift */; };
		4EFC02DE2B42927700C778DF /* TextSizeSettingViewController.swift in Sources */ = {isa = PBXBuildFile; fileRef = 4EFC02DD2B42927700C778DF /* TextSizeSettingViewController.swift */; };
		4EFC02E02B42928F00C778DF /* TextSizeSettingView.swift in Sources */ = {isa = PBXBuildFile; fileRef = 4EFC02DF2B42928F00C778DF /* TextSizeSettingView.swift */; };
/* End PBXBuildFile section */

/* Begin PBXFileReference section */
		4E0126A72B4D5400007110CC /* MemoDetailViewSelectedImageCollectionView.swift */ = {isa = PBXFileReference; lastKnownFileType = sourcecode.swift; path = MemoDetailViewSelectedImageCollectionView.swift; sourceTree = "<group>"; };
		4E0BDF492B3D38C000813DCA /* OrderSettingTableViewCell.swift */ = {isa = PBXFileReference; lastKnownFileType = sourcecode.swift; path = OrderSettingTableViewCell.swift; sourceTree = "<group>"; };
		4E0BDF4A2B3D38C000813DCA /* OrderSettingView.swift */ = {isa = PBXFileReference; lastKnownFileType = sourcecode.swift; path = OrderSettingView.swift; sourceTree = "<group>"; };
		4E0BDF4B2B3D38C000813DCA /* OrderSettingViewController.swift */ = {isa = PBXFileReference; lastKnownFileType = sourcecode.swift; path = OrderSettingViewController.swift; sourceTree = "<group>"; };
		4E10F8432B654162007B468A /* NoteCardCoreData.xcdatamodel */ = {isa = PBXFileReference; lastKnownFileType = wrapper.xcdatamodel; path = NoteCardCoreData.xcdatamodel; sourceTree = "<group>"; };
		4E1384A12AF37B350063817B /* NoteCard.app */ = {isa = PBXFileReference; explicitFileType = wrapper.application; includeInIndex = 0; path = NoteCard.app; sourceTree = BUILT_PRODUCTS_DIR; };
		4E1384A42AF37B350063817B /* AppDelegate.swift */ = {isa = PBXFileReference; lastKnownFileType = sourcecode.swift; path = AppDelegate.swift; sourceTree = "<group>"; };
		4E1384A62AF37B350063817B /* SceneDelegate.swift */ = {isa = PBXFileReference; lastKnownFileType = sourcecode.swift; path = SceneDelegate.swift; sourceTree = "<group>"; };
		4E1384A82AF37B350063817B /* ViewController.swift */ = {isa = PBXFileReference; lastKnownFileType = sourcecode.swift; path = ViewController.swift; sourceTree = "<group>"; };
		4E1384B02AF37B370063817B /* Assets.xcassets */ = {isa = PBXFileReference; lastKnownFileType = folder.assetcatalog; path = Assets.xcassets; sourceTree = "<group>"; };
		4E1384B32AF37B370063817B /* Base */ = {isa = PBXFileReference; lastKnownFileType = file.storyboard; name = Base; path = Base.lproj/LaunchScreen.storyboard; sourceTree = "<group>"; };
		4E1384B52AF37B370063817B /* Info.plist */ = {isa = PBXFileReference; lastKnownFileType = text.plist.xml; path = Info.plist; sourceTree = "<group>"; };
		4E1384D22AF382A40063817B /* CategoryEntity+CoreDataClass.swift */ = {isa = PBXFileReference; lastKnownFileType = sourcecode.swift; path = "CategoryEntity+CoreDataClass.swift"; sourceTree = "<group>"; };
		4E1384D32AF382A40063817B /* CategoryEntity+CoreDataProperties.swift */ = {isa = PBXFileReference; lastKnownFileType = sourcecode.swift; path = "CategoryEntity+CoreDataProperties.swift"; sourceTree = "<group>"; };
		4E1384D42AF382A40063817B /* ImageEntity+CoreDataClass.swift */ = {isa = PBXFileReference; lastKnownFileType = sourcecode.swift; path = "ImageEntity+CoreDataClass.swift"; sourceTree = "<group>"; };
		4E1384D52AF382A40063817B /* ImageEntity+CoreDataProperties.swift */ = {isa = PBXFileReference; lastKnownFileType = sourcecode.swift; path = "ImageEntity+CoreDataProperties.swift"; sourceTree = "<group>"; };
		4E1384D62AF382A40063817B /* MemoEntity+CoreDataClass.swift */ = {isa = PBXFileReference; lastKnownFileType = sourcecode.swift; path = "MemoEntity+CoreDataClass.swift"; sourceTree = "<group>"; };
		4E1384D72AF382A40063817B /* MemoEntity+CoreDataProperties.swift */ = {isa = PBXFileReference; lastKnownFileType = sourcecode.swift; path = "MemoEntity+CoreDataProperties.swift"; sourceTree = "<group>"; };
		4E1384DE2AF382F70063817B /* ImageEntityManager.swift */ = {isa = PBXFileReference; lastKnownFileType = sourcecode.swift; path = ImageEntityManager.swift; sourceTree = "<group>"; };
		4E1384E02AF3833E0063817B /* MemoEntityManager.swift */ = {isa = PBXFileReference; lastKnownFileType = sourcecode.swift; path = MemoEntityManager.swift; sourceTree = "<group>"; };
		4E1384E22AF3839F0063817B /* CategoryEntityManager.swift */ = {isa = PBXFileReference; lastKnownFileType = sourcecode.swift; path = CategoryEntityManager.swift; sourceTree = "<group>"; };
		4E1384E42AF383D70063817B /* DataManager.swift */ = {isa = PBXFileReference; lastKnownFileType = sourcecode.swift; path = DataManager.swift; sourceTree = "<group>"; };
		4E1384E82AF3840A0063817B /* DateManager.swift */ = {isa = PBXFileReference; lastKnownFileType = sourcecode.swift; path = DateManager.swift; sourceTree = "<group>"; };
		4E1384EA2AF3843A0063817B /* HomeViewController.swift */ = {isa = PBXFileReference; lastKnownFileType = sourcecode.swift; path = HomeViewController.swift; sourceTree = "<group>"; };
		4E1384EC2AF3846C0063817B /* HomeView.swift */ = {isa = PBXFileReference; lastKnownFileType = sourcecode.swift; path = HomeView.swift; sourceTree = "<group>"; };
		4E1384EE2AF384880063817B /* HomeHeaderView.swift */ = {isa = PBXFileReference; lastKnownFileType = sourcecode.swift; path = HomeHeaderView.swift; sourceTree = "<group>"; };
		4E1384F02AF384A70063817B /* HomeCategoryCell.swift */ = {isa = PBXFileReference; lastKnownFileType = sourcecode.swift; path = HomeCategoryCell.swift; sourceTree = "<group>"; };
		4E1384F22AF384C80063817B /* HomeCardCell.swift */ = {isa = PBXFileReference; lastKnownFileType = sourcecode.swift; path = HomeCardCell.swift; sourceTree = "<group>"; };
		4E1384F62AF385090063817B /* PopupCardViewController.swift */ = {isa = PBXFileReference; lastKnownFileType = sourcecode.swift; path = PopupCardViewController.swift; sourceTree = "<group>"; };
		4E1384F82AF3851B0063817B /* PopupCardView.swift */ = {isa = PBXFileReference; lastKnownFileType = sourcecode.swift; path = PopupCardView.swift; sourceTree = "<group>"; };
		4E1384FA2AF385340063817B /* PopupCardPresentationController.swift */ = {isa = PBXFileReference; lastKnownFileType = sourcecode.swift; path = PopupCardPresentationController.swift; sourceTree = "<group>"; };
		4E1384FC2AF385580063817B /* HomeViewPopupCardAnimatedTransitioning.swift */ = {isa = PBXFileReference; lastKnownFileType = sourcecode.swift; path = HomeViewPopupCardAnimatedTransitioning.swift; sourceTree = "<group>"; };
		4E1384FE2AF385750063817B /* PercentDrivenInteractiveTransition.swift */ = {isa = PBXFileReference; lastKnownFileType = sourcecode.swift; path = PercentDrivenInteractiveTransition.swift; sourceTree = "<group>"; };
		4E1385002AF3859D0063817B /* CategoryListViewController.swift */ = {isa = PBXFileReference; lastKnownFileType = sourcecode.swift; path = CategoryListViewController.swift; sourceTree = "<group>"; };
		4E1385022AF385B00063817B /* CategoryListTableViewCell.swift */ = {isa = PBXFileReference; lastKnownFileType = sourcecode.swift; path = CategoryListTableViewCell.swift; sourceTree = "<group>"; };
		4E1385042AF385F20063817B /* CreateCategoryViewController.swift */ = {isa = PBXFileReference; lastKnownFileType = sourcecode.swift; path = CreateCategoryViewController.swift; sourceTree = "<group>"; };
		4E1385062AF3860B0063817B /* CreateCategoryView.swift */ = {isa = PBXFileReference; lastKnownFileType = sourcecode.swift; path = CreateCategoryView.swift; sourceTree = "<group>"; };
		4E1385082AF386260063817B /* InsetTextField.swift */ = {isa = PBXFileReference; lastKnownFileType = sourcecode.swift; path = InsetTextField.swift; sourceTree = "<group>"; };
		4E13850E2AF386750063817B /* MemoViewController.swift */ = {isa = PBXFileReference; lastKnownFileType = sourcecode.swift; path = MemoViewController.swift; sourceTree = "<group>"; };
		4E1385102AF386920063817B /* MemoView.swift */ = {isa = PBXFileReference; lastKnownFileType = sourcecode.swift; path = MemoView.swift; sourceTree = "<group>"; };
		4E1385122AF386AF0063817B /* LargeCardCollectionViewCell.swift */ = {isa = PBXFileReference; lastKnownFileType = sourcecode.swift; path = LargeCardCollectionViewCell.swift; sourceTree = "<group>"; };
		4E1385142AF386D10063817B /* MemoImageCollectionViewCell.swift */ = {isa = PBXFileReference; lastKnownFileType = sourcecode.swift; path = MemoImageCollectionViewCell.swift; sourceTree = "<group>"; };
		4E1385182AF387100063817B /* SmallCardCollectionViewCell.swift */ = {isa = PBXFileReference; lastKnownFileType = sourcecode.swift; path = SmallCardCollectionViewCell.swift; sourceTree = "<group>"; };
		4E13851B2AF387480063817B /* CardImageShowingViewController.swift */ = {isa = PBXFileReference; lastKnownFileType = sourcecode.swift; path = CardImageShowingViewController.swift; sourceTree = "<group>"; };
		4E13851D2AF3875D0063817B /* CardImageShowingView.swift */ = {isa = PBXFileReference; lastKnownFileType = sourcecode.swift; path = CardImageShowingView.swift; sourceTree = "<group>"; };
		4E13851F2AF387890063817B /* CardImageShowingCollectionViewCell.swift */ = {isa = PBXFileReference; lastKnownFileType = sourcecode.swift; path = CardImageShowingCollectionViewCell.swift; sourceTree = "<group>"; };
		4E1385212AF387AA0063817B /* CardImageShowingPresentationController.swift */ = {isa = PBXFileReference; lastKnownFileType = sourcecode.swift; path = CardImageShowingPresentationController.swift; sourceTree = "<group>"; };
		4E1385232AF387DE0063817B /* CardImageShowingAnimatedTransitioning.swift */ = {isa = PBXFileReference; lastKnownFileType = sourcecode.swift; path = CardImageShowingAnimatedTransitioning.swift; sourceTree = "<group>"; };
		4E1385272AF389850063817B /* MemoMakingViewController.swift */ = {isa = PBXFileReference; lastKnownFileType = sourcecode.swift; path = MemoMakingViewController.swift; sourceTree = "<group>"; };
		4E1385292AF389930063817B /* MemoDetailView.swift */ = {isa = PBXFileReference; lastKnownFileType = sourcecode.swift; path = MemoDetailView.swift; sourceTree = "<group>"; };
		4E13853B2AF38B000063817B /* MemoEditingViewController.swift */ = {isa = PBXFileReference; lastKnownFileType = sourcecode.swift; path = MemoEditingViewController.swift; sourceTree = "<group>"; };
		4E13854B2AF38BE40063817B /* DetailViewSelectedImageViewController.swift */ = {isa = PBXFileReference; lastKnownFileType = sourcecode.swift; path = DetailViewSelectedImageViewController.swift; sourceTree = "<group>"; };
		4E13854D2AF38BFD0063817B /* DetailViewSelectedImageView.swift */ = {isa = PBXFileReference; lastKnownFileType = sourcecode.swift; path = DetailViewSelectedImageView.swift; sourceTree = "<group>"; };
		4E2712032DA19C8C0007D53A /* ReuseIdentifiable.swift */ = {isa = PBXFileReference; lastKnownFileType = sourcecode.swift; path = ReuseIdentifiable.swift; sourceTree = "<group>"; };
		4E2712052DA1A12A0007D53A /* Shrinkable.swift */ = {isa = PBXFileReference; lastKnownFileType = sourcecode.swift; path = Shrinkable.swift; sourceTree = "<group>"; };
		4E2712072DA1A5D30007D53A /* HomeHeaderButton.swift */ = {isa = PBXFileReference; lastKnownFileType = sourcecode.swift; path = HomeHeaderButton.swift; sourceTree = "<group>"; };
		4E3E75712B677EFB0073A951 /* DarkModeSettingViewController.swift */ = {isa = PBXFileReference; lastKnownFileType = sourcecode.swift; path = DarkModeSettingViewController.swift; sourceTree = "<group>"; };
		4E3E75722B677EFB0073A951 /* DarkModeSettingView.swift */ = {isa = PBXFileReference; lastKnownFileType = sourcecode.swift; path = DarkModeSettingView.swift; sourceTree = "<group>"; };
		4E3E75732B677EFB0073A951 /* DarkModeSettingTableViewCell.swift */ = {isa = PBXFileReference; lastKnownFileType = sourcecode.swift; path = DarkModeSettingTableViewCell.swift; sourceTree = "<group>"; };
		4E3E75772B67D3B60073A951 /* QuickMemoEmptyViewController.swift */ = {isa = PBXFileReference; lastKnownFileType = sourcecode.swift; path = QuickMemoEmptyViewController.swift; sourceTree = "<group>"; };
		4E3E75792B67D3D40073A951 /* QuickMemoEmptyView.swift */ = {isa = PBXFileReference; lastKnownFileType = sourcecode.swift; path = QuickMemoEmptyView.swift; sourceTree = "<group>"; };
		4E3E757B2B6889260073A951 /* MainTabBarController.swift */ = {isa = PBXFileReference; lastKnownFileType = sourcecode.swift; path = MainTabBarController.swift; sourceTree = "<group>"; };
		4E3F63552B0B7BFF004DD676 /* CategoryListView.swift */ = {isa = PBXFileReference; lastKnownFileType = sourcecode.swift; path = CategoryListView.swift; sourceTree = "<group>"; };
		4E462D682E2A1AF5004C0215 /* SmallCardCollectionView.swift */ = {isa = PBXFileReference; lastKnownFileType = sourcecode.swift; path = SmallCardCollectionView.swift; sourceTree = "<group>"; };
		4E4FCCB92B3C33E7000CBE17 /* DateFormatSettingViewController.swift */ = {isa = PBXFileReference; lastKnownFileType = sourcecode.swift; path = DateFormatSettingViewController.swift; sourceTree = "<group>"; };
		4E4FCCBB2B3C33FD000CBE17 /* DateFormatSettingView.swift */ = {isa = PBXFileReference; lastKnownFileType = sourcecode.swift; path = DateFormatSettingView.swift; sourceTree = "<group>"; };
		4E4FCCBD2B3C3644000CBE17 /* DateFormatSettingTableViewCell.swift */ = {isa = PBXFileReference; lastKnownFileType = sourcecode.swift; path = DateFormatSettingTableViewCell.swift; sourceTree = "<group>"; };
		4E4FCCC02B3C571F000CBE17 /* TimeFormatSettingViewController.swift */ = {isa = PBXFileReference; lastKnownFileType = sourcecode.swift; path = TimeFormatSettingViewController.swift; sourceTree = "<group>"; };
		4E4FCCC12B3C5810000CBE17 /* TimeFormatSettingTableViewCell.swift */ = {isa = PBXFileReference; lastKnownFileType = sourcecode.swift; path = TimeFormatSettingTableViewCell.swift; sourceTree = "<group>"; };
		4E4FCCC22B3C5810000CBE17 /* TimeFormatSettingView.swift */ = {isa = PBXFileReference; lastKnownFileType = sourcecode.swift; path = TimeFormatSettingView.swift; sourceTree = "<group>"; };
		4E59602C2B064BE20029BA3D /* SettingsViewController.swift */ = {isa = PBXFileReference; lastKnownFileType = sourcecode.swift; path = SettingsViewController.swift; sourceTree = "<group>"; };
		4E59602E2B064C290029BA3D /* SettingsView.swift */ = {isa = PBXFileReference; lastKnownFileType = sourcecode.swift; path = SettingsView.swift; sourceTree = "<group>"; };
		4E5960302B0652AF0029BA3D /* SettingsTableViewCell.swift */ = {isa = PBXFileReference; lastKnownFileType = sourcecode.swift; path = SettingsTableViewCell.swift; sourceTree = "<group>"; };
		4E5960322B072E380029BA3D /* TotalListViewController.swift */ = {isa = PBXFileReference; lastKnownFileType = sourcecode.swift; path = TotalListViewController.swift; sourceTree = "<group>"; };
		4E5960342B072E640029BA3D /* TotalListCollectionViewCell.swift */ = {isa = PBXFileReference; lastKnownFileType = sourcecode.swift; path = TotalListCollectionViewCell.swift; sourceTree = "<group>"; };
		4E5960362B072E6F0029BA3D /* TotalListView.swift */ = {isa = PBXFileReference; lastKnownFileType = sourcecode.swift; path = TotalListView.swift; sourceTree = "<group>"; };
		4E6EE9682B201CDF0009DD84 /* LargeCardCollectionView.swift */ = {isa = PBXFileReference; lastKnownFileType = sourcecode.swift; path = LargeCardCollectionView.swift; sourceTree = "<group>"; };
		4E87D09E2B7A55200081D3D4 /* MemoSearchingCollectionView.swift */ = {isa = PBXFileReference; lastKnownFileType = sourcecode.swift; path = MemoSearchingCollectionView.swift; sourceTree = "<group>"; };
		4EA4011C2B14456700EB2FD3 /* TotalListViewPopupCardAnimatedTransitioning.swift */ = {isa = PBXFileReference; fileEncoding = 4; lastKnownFileType = sourcecode.swift; path = TotalListViewPopupCardAnimatedTransitioning.swift; sourceTree = "<group>"; };
		4EB46F972B0B215E00B4633F /* ColorModel.swift */ = {isa = PBXFileReference; lastKnownFileType = sourcecode.swift; path = ColorModel.swift; sourceTree = "<group>"; };
		4EBF7A202B0C8BAE0068BE57 /* CategoryListTableViewDiffableDataSource.swift */ = {isa = PBXFileReference; lastKnownFileType = sourcecode.swift; path = CategoryListTableViewDiffableDataSource.swift; sourceTree = "<group>"; };
		4EC220252B077F6B007C9326 /* TotalListCellCategoryCell.swift */ = {isa = PBXFileReference; lastKnownFileType = sourcecode.swift; path = TotalListCellCategoryCell.swift; sourceTree = "<group>"; };
		4ECDA56E2E162753003D15F5 /* ThirdTabViewController.swift */ = {isa = PBXFileReference; lastKnownFileType = sourcecode.swift; path = ThirdTabViewController.swift; sourceTree = "<group>"; };
		4ED333A52B332FCD00492B0F /* ThemeColorPickingViewController.swift */ = {isa = PBXFileReference; lastKnownFileType = sourcecode.swift; path = ThemeColorPickingViewController.swift; sourceTree = "<group>"; };
		4ED333A72B332FF000492B0F /* ThemeColorPickingView.swift */ = {isa = PBXFileReference; lastKnownFileType = sourcecode.swift; path = ThemeColorPickingView.swift; sourceTree = "<group>"; };
		4ED333A92B3336CB00492B0F /* ThemeColorPickingTableViewCell.swift */ = {isa = PBXFileReference; lastKnownFileType = sourcecode.swift; path = ThemeColorPickingTableViewCell.swift; sourceTree = "<group>"; };
		4ED42A912B3DA5CE00D14571 /* ko */ = {isa = PBXFileReference; lastKnownFileType = text.plist.strings; name = ko; path = ko.lproj/LaunchScreen.strings; sourceTree = "<group>"; };
		4ED42A922B3DA5CE00D14571 /* ko */ = {isa = PBXFileReference; lastKnownFileType = text.plist.strings; name = ko; path = ko.lproj/Localizable.strings; sourceTree = "<group>"; };
		4ED42A962B3DA69300D14571 /* en */ = {isa = PBXFileReference; lastKnownFileType = text.plist.strings; name = en; path = en.lproj/LaunchScreen.strings; sourceTree = "<group>"; };
		4ED42A972B3DA6E000D14571 /* en */ = {isa = PBXFileReference; lastKnownFileType = text.plist.strings; name = en; path = en.lproj/Localizable.strings; sourceTree = "<group>"; };
		4EDD37002E330286002AF29B /* CustomIntensityBlurView.swift */ = {isa = PBXFileReference; lastKnownFileType = sourcecode.swift; path = CustomIntensityBlurView.swift; sourceTree = "<group>"; };
		4EDF43162B2EB3F200AFEEB5 /* CategorySelectionViewController.swift */ = {isa = PBXFileReference; lastKnownFileType = sourcecode.swift; path = CategorySelectionViewController.swift; sourceTree = "<group>"; };
		4EE926862B4AB14900DC4674 /* CardImageShowingScrollView.swift */ = {isa = PBXFileReference; lastKnownFileType = sourcecode.swift; path = CardImageShowingScrollView.swift; sourceTree = "<group>"; };
		4EEEB25D2B0864740027AF01 /* MemoDetailViewSelectedImageCell.swift */ = {isa = PBXFileReference; lastKnownFileType = sourcecode.swift; path = MemoDetailViewSelectedImageCell.swift; sourceTree = "<group>"; };
		4EEEB25F2B0865B60027AF01 /* MemoDetailViewCategoryListCell.swift */ = {isa = PBXFileReference; lastKnownFileType = sourcecode.swift; path = MemoDetailViewCategoryListCell.swift; sourceTree = "<group>"; };
		4EEF141A2B14A74B001EB295 /* MemoViewPopupCardAnimatedTransitioning.swift */ = {isa = PBXFileReference; lastKnownFileType = sourcecode.swift; path = MemoViewPopupCardAnimatedTransitioning.swift; sourceTree = "<group>"; };
		4EEFF4092B5CC155008F0BBB /* ko */ = {isa = PBXFileReference; lastKnownFileType = text.plist.strings; name = ko; path = ko.lproj/InfoPlist.strings; sourceTree = "<group>"; };
		4EEFF40C2B5CC167008F0BBB /* en */ = {isa = PBXFileReference; lastKnownFileType = text.plist.strings; name = en; path = en.lproj/InfoPlist.strings; sourceTree = "<group>"; };
		4EFA2F3C2B27413700FCDD1B /* LeftAlignedFlowLayout.swift */ = {isa = PBXFileReference; lastKnownFileType = sourcecode.swift; path = LeftAlignedFlowLayout.swift; sourceTree = "<group>"; };
		4EFBF6A62E3648250044A206 /* CardViewController.swift */ = {isa = PBXFileReference; lastKnownFileType = sourcecode.swift; path = CardViewController.swift; sourceTree = "<group>"; };
		4EFBF6A82E36482F0044A206 /* CardView.swift */ = {isa = PBXFileReference; lastKnownFileType = sourcecode.swift; path = CardView.swift; sourceTree = "<group>"; };
		4EFC02DD2B42927700C778DF /* TextSizeSettingViewController.swift */ = {isa = PBXFileReference; lastKnownFileType = sourcecode.swift; path = TextSizeSettingViewController.swift; sourceTree = "<group>"; };
		4EFC02DF2B42928F00C778DF /* TextSizeSettingView.swift */ = {isa = PBXFileReference; lastKnownFileType = sourcecode.swift; path = TextSizeSettingView.swift; sourceTree = "<group>"; };
/* End PBXFileReference section */

/* Begin PBXFileSystemSynchronizedRootGroup section */
		4E462BA92E29CF4A004C0215 /* Extensions */ = {isa = PBXFileSystemSynchronizedRootGroup; explicitFileTypes = {}; explicitFolders = (); path = Extensions; sourceTree = "<group>"; };
/* End PBXFileSystemSynchronizedRootGroup section */

/* Begin PBXFrameworksBuildPhase section */
		4E13849E2AF37B350063817B /* Frameworks */ = {
			isa = PBXFrameworksBuildPhase;
			buildActionMask = 2147483647;
			files = (
				4EAF4F2C2E38580500A1AA36 /* Wisp in Frameworks */,
			);
			runOnlyForDeploymentPostprocessing = 0;
		};
/* End PBXFrameworksBuildPhase section */

/* Begin PBXGroup section */
		4E0BDF482B3D389D00813DCA /* OrderSettingView */ = {
			isa = PBXGroup;
			children = (
				4E0BDF4B2B3D38C000813DCA /* OrderSettingViewController.swift */,
				4E0BDF4A2B3D38C000813DCA /* OrderSettingView.swift */,
				4E0BDF492B3D38C000813DCA /* OrderSettingTableViewCell.swift */,
			);
			path = OrderSettingView;
			sourceTree = "<group>";
		};
		4E1384982AF37B350063817B = {
			isa = PBXGroup;
			children = (
				4E1384A32AF37B350063817B /* NoteCard */,
				4E1384A22AF37B350063817B /* Products */,
			);
			sourceTree = "<group>";
		};
		4E1384A22AF37B350063817B /* Products */ = {
			isa = PBXGroup;
			children = (
				4E1384A12AF37B350063817B /* NoteCard.app */,
			);
			name = Products;
			sourceTree = "<group>";
		};
		4E1384A32AF37B350063817B /* NoteCard */ = {
			isa = PBXGroup;
			children = (
				4EDD36FF2E33027A002AF29B /* CustomDesign */,
				4E462BA92E29CF4A004C0215 /* Extensions */,
				4E2712022DA19C730007D53A /* Protocols */,
				4ED42A842B3D6EDA00D14571 /* Localizable.strings */,
				4E1384A42AF37B350063817B /* AppDelegate.swift */,
				4E1384A62AF37B350063817B /* SceneDelegate.swift */,
				4ECDA56B2E16262C003D15F5 /* TabBar */,
				4E1384BB2AF37DE10063817B /* CoreData */,
				4E1384BC2AF37E070063817B /* Models */,
				4E1384BD2AF37E0D0063817B /* HomeView */,
				4EFBF6A52E36480F0044A206 /* CardView */,
				4E1384C42AF37E800063817B /* PopupCardView */,
				4E1384C02AF37E430063817B /* MemoView */,
				4E13851A2AF387220063817B /* CardImageShowingView */,
				4E68B8662B24AD4B0035F162 /* QuickMemoEmptyView */,
				4E1384C12AF37E5B0063817B /* TotalListView */,
				4EEEB2612B0870140027AF01 /* MemoDetailView */,
				4E59602B2B064BA20029BA3D /* SettingsView */,
				4E1384A82AF37B350063817B /* ViewController.swift */,
				4E1384B02AF37B370063817B /* Assets.xcassets */,
				4E1384B22AF37B370063817B /* LaunchScreen.storyboard */,
				4E1384B52AF37B370063817B /* Info.plist */,
				4EEFF40A2B5CC155008F0BBB /* InfoPlist.strings */,
			);
			path = NoteCard;
			sourceTree = "<group>";
		};
		4E1384BB2AF37DE10063817B /* CoreData */ = {
			isa = PBXGroup;
			children = (
				4E10F8422B654162007B468A /* NoteCardCoreData.xcdatamodeld */,
				4E1384D42AF382A40063817B /* ImageEntity+CoreDataClass.swift */,
				4E1384D52AF382A40063817B /* ImageEntity+CoreDataProperties.swift */,
				4E1384DE2AF382F70063817B /* ImageEntityManager.swift */,
				4E1384D62AF382A40063817B /* MemoEntity+CoreDataClass.swift */,
				4E1384D72AF382A40063817B /* MemoEntity+CoreDataProperties.swift */,
				4E1384E02AF3833E0063817B /* MemoEntityManager.swift */,
				4E1384D22AF382A40063817B /* CategoryEntity+CoreDataClass.swift */,
				4E1384D32AF382A40063817B /* CategoryEntity+CoreDataProperties.swift */,
				4E1384E22AF3839F0063817B /* CategoryEntityManager.swift */,
			);
			path = CoreData;
			sourceTree = "<group>";
		};
		4E1384BC2AF37E070063817B /* Models */ = {
			isa = PBXGroup;
			children = (
				4E1384E42AF383D70063817B /* DataManager.swift */,
				4E1384E82AF3840A0063817B /* DateManager.swift */,
				4EB46F972B0B215E00B4633F /* ColorModel.swift */,
			);
			path = Models;
			sourceTree = "<group>";
		};
		4E1384BD2AF37E0D0063817B /* HomeView */ = {
			isa = PBXGroup;
			children = (
				4E1384EA2AF3843A0063817B /* HomeViewController.swift */,
				4E1384EC2AF3846C0063817B /* HomeView.swift */,
				4E1384EE2AF384880063817B /* HomeHeaderView.swift */,
				4E2712072DA1A5D30007D53A /* HomeHeaderButton.swift */,
				4E1384F02AF384A70063817B /* HomeCategoryCell.swift */,
				4E1384F22AF384C80063817B /* HomeCardCell.swift */,
				4E1384C32AF37E750063817B /* CategoryListTableView */,
			);
			path = HomeView;
			sourceTree = "<group>";
		};
		4E1384BE2AF37E130063817B /* MemoEditingView */ = {
			isa = PBXGroup;
			children = (
				4E13853B2AF38B000063817B /* MemoEditingViewController.swift */,
			);
			path = MemoEditingView;
			sourceTree = "<group>";
		};
		4E1384BF2AF37E3C0063817B /* MemoMakingView */ = {
			isa = PBXGroup;
			children = (
				4E1385272AF389850063817B /* MemoMakingViewController.swift */,
			);
			path = MemoMakingView;
			sourceTree = "<group>";
		};
		4E1384C02AF37E430063817B /* MemoView */ = {
			isa = PBXGroup;
			children = (
				4E13850E2AF386750063817B /* MemoViewController.swift */,
				4E1385102AF386920063817B /* MemoView.swift */,
				4E6EE9682B201CDF0009DD84 /* LargeCardCollectionView.swift */,
				4E462D682E2A1AF5004C0215 /* SmallCardCollectionView.swift */,
				4E1385122AF386AF0063817B /* LargeCardCollectionViewCell.swift */,
				4E1385182AF387100063817B /* SmallCardCollectionViewCell.swift */,
				4E1385142AF386D10063817B /* MemoImageCollectionViewCell.swift */,
				4EDF43152B2EB31200AFEEB5 /* CategorySelectionView */,
			);
			path = MemoView;
			sourceTree = "<group>";
		};
		4E1384C12AF37E5B0063817B /* TotalListView */ = {
			isa = PBXGroup;
			children = (
				4E5960322B072E380029BA3D /* TotalListViewController.swift */,
				4E5960362B072E6F0029BA3D /* TotalListView.swift */,
				4E87D09E2B7A55200081D3D4 /* MemoSearchingCollectionView.swift */,
				4E5960342B072E640029BA3D /* TotalListCollectionViewCell.swift */,
				4EC220252B077F6B007C9326 /* TotalListCellCategoryCell.swift */,
			);
			path = TotalListView;
			sourceTree = "<group>";
		};
		4E1384C22AF37E680063817B /* CreateCategoryView */ = {
			isa = PBXGroup;
			children = (
				4E1385042AF385F20063817B /* CreateCategoryViewController.swift */,
				4E1385062AF3860B0063817B /* CreateCategoryView.swift */,
				4E1385082AF386260063817B /* InsetTextField.swift */,
			);
			path = CreateCategoryView;
			sourceTree = "<group>";
		};
		4E1384C32AF37E750063817B /* CategoryListTableView */ = {
			isa = PBXGroup;
			children = (
				4E1385002AF3859D0063817B /* CategoryListViewController.swift */,
				4E3F63552B0B7BFF004DD676 /* CategoryListView.swift */,
				4E1385022AF385B00063817B /* CategoryListTableViewCell.swift */,
				4EBF7A202B0C8BAE0068BE57 /* CategoryListTableViewDiffableDataSource.swift */,
				4E1384C22AF37E680063817B /* CreateCategoryView */,
			);
			path = CategoryListTableView;
			sourceTree = "<group>";
		};
		4E1384C42AF37E800063817B /* PopupCardView */ = {
			isa = PBXGroup;
			children = (
				4E1384F62AF385090063817B /* PopupCardViewController.swift */,
				4E1384F82AF3851B0063817B /* PopupCardView.swift */,
				4E1384FA2AF385340063817B /* PopupCardPresentationController.swift */,
				4E1384FC2AF385580063817B /* HomeViewPopupCardAnimatedTransitioning.swift */,
				4EEF141A2B14A74B001EB295 /* MemoViewPopupCardAnimatedTransitioning.swift */,
				4EA4011C2B14456700EB2FD3 /* TotalListViewPopupCardAnimatedTransitioning.swift */,
				4E1384FE2AF385750063817B /* PercentDrivenInteractiveTransition.swift */,
			);
			path = PopupCardView;
			sourceTree = "<group>";
		};
		4E13851A2AF387220063817B /* CardImageShowingView */ = {
			isa = PBXGroup;
			children = (
				4E13851B2AF387480063817B /* CardImageShowingViewController.swift */,
				4E13851D2AF3875D0063817B /* CardImageShowingView.swift */,
				4E13851F2AF387890063817B /* CardImageShowingCollectionViewCell.swift */,
				4EE926862B4AB14900DC4674 /* CardImageShowingScrollView.swift */,
				4E1385212AF387AA0063817B /* CardImageShowingPresentationController.swift */,
				4E1385232AF387DE0063817B /* CardImageShowingAnimatedTransitioning.swift */,
			);
			path = CardImageShowingView;
			sourceTree = "<group>";
		};
		4E2712022DA19C730007D53A /* Protocols */ = {
			isa = PBXGroup;
			children = (
				4E2712032DA19C8C0007D53A /* ReuseIdentifiable.swift */,
				4E2712052DA1A12A0007D53A /* Shrinkable.swift */,
			);
			path = Protocols;
			sourceTree = "<group>";
		};
		4E3E756B2B677EAF0073A951 /* DarkModeSettingView */ = {
			isa = PBXGroup;
			children = (
				4E3E75712B677EFB0073A951 /* DarkModeSettingViewController.swift */,
				4E3E75722B677EFB0073A951 /* DarkModeSettingView.swift */,
				4E3E75732B677EFB0073A951 /* DarkModeSettingTableViewCell.swift */,
			);
			path = DarkModeSettingView;
			sourceTree = "<group>";
		};
		4E4FCCB82B3C3335000CBE17 /* DateFormatSettingView */ = {
			isa = PBXGroup;
			children = (
				4E4FCCB92B3C33E7000CBE17 /* DateFormatSettingViewController.swift */,
				4E4FCCBB2B3C33FD000CBE17 /* DateFormatSettingView.swift */,
				4E4FCCBD2B3C3644000CBE17 /* DateFormatSettingTableViewCell.swift */,
			);
			path = DateFormatSettingView;
			sourceTree = "<group>";
		};
		4E4FCCBF2B3C46FE000CBE17 /* TimeFormatSettingView */ = {
			isa = PBXGroup;
			children = (
				4E4FCCC02B3C571F000CBE17 /* TimeFormatSettingViewController.swift */,
				4E4FCCC22B3C5810000CBE17 /* TimeFormatSettingView.swift */,
				4E4FCCC12B3C5810000CBE17 /* TimeFormatSettingTableViewCell.swift */,
			);
			path = TimeFormatSettingView;
			sourceTree = "<group>";
		};
		4E59602B2B064BA20029BA3D /* SettingsView */ = {
			isa = PBXGroup;
			children = (
				4E59602C2B064BE20029BA3D /* SettingsViewController.swift */,
				4E59602E2B064C290029BA3D /* SettingsView.swift */,
				4E5960302B0652AF0029BA3D /* SettingsTableViewCell.swift */,
				4ED333A42B332F7100492B0F /* ThemeColorPickingView */,
				4E4FCCB82B3C3335000CBE17 /* DateFormatSettingView */,
				4E4FCCBF2B3C46FE000CBE17 /* TimeFormatSettingView */,
				4E0BDF482B3D389D00813DCA /* OrderSettingView */,
				4E3E756B2B677EAF0073A951 /* DarkModeSettingView */,
				4EFC02DC2B42924900C778DF /* TextSizeSettingView */,
			);
			path = SettingsView;
			sourceTree = "<group>";
		};
		4E68B8662B24AD4B0035F162 /* QuickMemoEmptyView */ = {
			isa = PBXGroup;
			children = (
				4E3E75772B67D3B60073A951 /* QuickMemoEmptyViewController.swift */,
				4E3E75792B67D3D40073A951 /* QuickMemoEmptyView.swift */,
			);
			path = QuickMemoEmptyView;
			sourceTree = "<group>";
		};
		4ECDA56B2E16262C003D15F5 /* TabBar */ = {
			isa = PBXGroup;
			children = (
				4E3E757B2B6889260073A951 /* MainTabBarController.swift */,
				4ECDA56E2E162753003D15F5 /* ThirdTabViewController.swift */,
			);
			path = TabBar;
			sourceTree = "<group>";
		};
		4ED333A42B332F7100492B0F /* ThemeColorPickingView */ = {
			isa = PBXGroup;
			children = (
				4ED333A52B332FCD00492B0F /* ThemeColorPickingViewController.swift */,
				4ED333A72B332FF000492B0F /* ThemeColorPickingView.swift */,
				4ED333A92B3336CB00492B0F /* ThemeColorPickingTableViewCell.swift */,
			);
			path = ThemeColorPickingView;
			sourceTree = "<group>";
		};
		4EDD36FF2E33027A002AF29B /* CustomDesign */ = {
			isa = PBXGroup;
			children = (
				4EDD37002E330286002AF29B /* CustomIntensityBlurView.swift */,
			);
			path = CustomDesign;
			sourceTree = "<group>";
		};
		4EDF43152B2EB31200AFEEB5 /* CategorySelectionView */ = {
			isa = PBXGroup;
			children = (
				4EDF43162B2EB3F200AFEEB5 /* CategorySelectionViewController.swift */,
			);
			path = CategorySelectionView;
			sourceTree = "<group>";
		};
		4EEEB2612B0870140027AF01 /* MemoDetailView */ = {
			isa = PBXGroup;
			children = (
				4E1385292AF389930063817B /* MemoDetailView.swift */,
				4E0126A72B4D5400007110CC /* MemoDetailViewSelectedImageCollectionView.swift */,
				4EEEB25D2B0864740027AF01 /* MemoDetailViewSelectedImageCell.swift */,
				4EFA2F3C2B27413700FCDD1B /* LeftAlignedFlowLayout.swift */,
				4EEEB25F2B0865B60027AF01 /* MemoDetailViewCategoryListCell.swift */,
				4E13854B2AF38BE40063817B /* DetailViewSelectedImageViewController.swift */,
				4E13854D2AF38BFD0063817B /* DetailViewSelectedImageView.swift */,
				4E1384BF2AF37E3C0063817B /* MemoMakingView */,
				4E1384BE2AF37E130063817B /* MemoEditingView */,
			);
			path = MemoDetailView;
			sourceTree = "<group>";
		};
		4EFBF6A52E36480F0044A206 /* CardView */ = {
			isa = PBXGroup;
			children = (
				4EFBF6A62E3648250044A206 /* CardViewController.swift */,
				4EFBF6A82E36482F0044A206 /* CardView.swift */,
			);
			path = CardView;
			sourceTree = "<group>";
		};
		4EFC02DC2B42924900C778DF /* TextSizeSettingView */ = {
			isa = PBXGroup;
			children = (
				4EFC02DD2B42927700C778DF /* TextSizeSettingViewController.swift */,
				4EFC02DF2B42928F00C778DF /* TextSizeSettingView.swift */,
			);
			path = TextSizeSettingView;
			sourceTree = "<group>";
		};
/* End PBXGroup section */

/* Begin PBXNativeTarget section */
		4E1384A02AF37B350063817B /* NoteCard */ = {
			isa = PBXNativeTarget;
			buildConfigurationList = 4E1384B82AF37B370063817B /* Build configuration list for PBXNativeTarget "NoteCard" */;
			buildPhases = (
				4E13849D2AF37B350063817B /* Sources */,
				4E13849E2AF37B350063817B /* Frameworks */,
				4E13849F2AF37B350063817B /* Resources */,
			);
			buildRules = (
			);
			dependencies = (
			);
			fileSystemSynchronizedGroups = (
				4E462BA92E29CF4A004C0215 /* Extensions */,
			);
			name = NoteCard;
			productName = CardMemo;
			productReference = 4E1384A12AF37B350063817B /* NoteCard.app */;
			productType = "com.apple.product-type.application";
		};
/* End PBXNativeTarget section */

/* Begin PBXProject section */
		4E1384992AF37B350063817B /* Project object */ = {
			isa = PBXProject;
			attributes = {
				BuildIndependentTargetsInParallel = 1;
				LastSwiftUpdateCheck = 1500;
				LastUpgradeCheck = 1500;
				TargetAttributes = {
					4E1384A02AF37B350063817B = {
						CreatedOnToolsVersion = 15.0.1;
					};
				};
			};
			buildConfigurationList = 4E13849C2AF37B350063817B /* Build configuration list for PBXProject "NoteCard" */;
			compatibilityVersion = "Xcode 14.0";
			developmentRegion = en;
			hasScannedForEncodings = 0;
			knownRegions = (
				en,
				Base,
				ko,
			);
			mainGroup = 4E1384982AF37B350063817B;
			packageReferences = (
				4EAF4F2A2E38580500A1AA36 /* XCLocalSwiftPackageReference "../Library/Wisp" */,
			);
			productRefGroup = 4E1384A22AF37B350063817B /* Products */;
			projectDirPath = "";
			projectRoot = "";
			targets = (
				4E1384A02AF37B350063817B /* NoteCard */,
			);
		};
/* End PBXProject section */

/* Begin PBXResourcesBuildPhase section */
		4E13849F2AF37B350063817B /* Resources */ = {
			isa = PBXResourcesBuildPhase;
			buildActionMask = 2147483647;
			files = (
				4E1384B42AF37B370063817B /* LaunchScreen.storyboard in Resources */,
				4ED42A822B3D6EDA00D14571 /* Localizable.strings in Resources */,
				4E1384B12AF37B370063817B /* Assets.xcassets in Resources */,
				4EEFF4082B5CC155008F0BBB /* InfoPlist.strings in Resources */,
			);
			runOnlyForDeploymentPostprocessing = 0;
		};
/* End PBXResourcesBuildPhase section */

/* Begin PBXSourcesBuildPhase section */
		4E13849D2AF37B350063817B /* Sources */ = {
			isa = PBXSourcesBuildPhase;
			buildActionMask = 2147483647;
			files = (
				4E1384E12AF3833E0063817B /* MemoEntityManager.swift in Sources */,
				4E0126A82B4D5400007110CC /* MemoDetailViewSelectedImageCollectionView.swift in Sources */,
				4E5960312B0652AF0029BA3D /* SettingsTableViewCell.swift in Sources */,
				4E1384FB2AF385340063817B /* PopupCardPresentationController.swift in Sources */,
				4EDF43172B2EB3F200AFEEB5 /* CategorySelectionViewController.swift in Sources */,
				4E1384F32AF384C80063817B /* HomeCardCell.swift in Sources */,
				4E1384DD2AF382A40063817B /* MemoEntity+CoreDataProperties.swift in Sources */,
				4E1384D92AF382A40063817B /* CategoryEntity+CoreDataProperties.swift in Sources */,
				4E2712062DA1A12A0007D53A /* Shrinkable.swift in Sources */,
				4EFA2F3D2B27413700FCDD1B /* LeftAlignedFlowLayout.swift in Sources */,
				4ED333A62B332FCD00492B0F /* ThemeColorPickingViewController.swift in Sources */,
				4E4FCCC32B3C5871000CBE17 /* TimeFormatSettingViewController.swift in Sources */,
				4E1384EB2AF3843A0063817B /* HomeViewController.swift in Sources */,
				4E1385072AF3860B0063817B /* CreateCategoryView.swift in Sources */,
				4E1384E52AF383D70063817B /* DataManager.swift in Sources */,
				4E4FCCBE2B3C3644000CBE17 /* DateFormatSettingTableViewCell.swift in Sources */,
				4E13850F2AF386750063817B /* MemoViewController.swift in Sources */,
				4E1385282AF389850063817B /* MemoMakingViewController.swift in Sources */,
				4E1385112AF386920063817B /* MemoView.swift in Sources */,
				4E4FCCC52B3C5875000CBE17 /* TimeFormatSettingTableViewCell.swift in Sources */,
				4EFC02DE2B42927700C778DF /* TextSizeSettingViewController.swift in Sources */,
				4E1385032AF385B00063817B /* CategoryListTableViewCell.swift in Sources */,
				4E1384F12AF384A70063817B /* HomeCategoryCell.swift in Sources */,
				4E3E757C2B6889260073A951 /* MainTabBarController.swift in Sources */,
				4E10F8442B654162007B468A /* NoteCardCoreData.xcdatamodeld in Sources */,
				4EB46F982B0B215E00B4633F /* ColorModel.swift in Sources */,
				4E0BDF4D2B3D38C800813DCA /* OrderSettingTableViewCell.swift in Sources */,
				4E1384FF2AF385750063817B /* PercentDrivenInteractiveTransition.swift in Sources */,
				4E1385242AF387DE0063817B /* CardImageShowingAnimatedTransitioning.swift in Sources */,
				4EBF7A212B0C8BAE0068BE57 /* CategoryListTableViewDiffableDataSource.swift in Sources */,
				4E4FCCBC2B3C33FD000CBE17 /* DateFormatSettingView.swift in Sources */,
				4E4FCCC42B3C5873000CBE17 /* TimeFormatSettingView.swift in Sources */,
				4E0BDF4E2B3D38C800813DCA /* OrderSettingView.swift in Sources */,
				4E1384F92AF3851B0063817B /* PopupCardView.swift in Sources */,
				4E59602D2B064BE20029BA3D /* SettingsViewController.swift in Sources */,
				4EFC02E02B42928F00C778DF /* TextSizeSettingView.swift in Sources */,
				4EEF141B2B14A74B001EB295 /* MemoViewPopupCardAnimatedTransitioning.swift in Sources */,
				4E3E757A2B67D3D40073A951 /* QuickMemoEmptyView.swift in Sources */,
				4E1384DA2AF382A40063817B /* ImageEntity+CoreDataClass.swift in Sources */,
				4E3E75782B67D3B60073A951 /* QuickMemoEmptyViewController.swift in Sources */,
				4E1385152AF386D10063817B /* MemoImageCollectionViewCell.swift in Sources */,
				4EA4011D2B14456700EB2FD3 /* TotalListViewPopupCardAnimatedTransitioning.swift in Sources */,
				4E1385052AF385F20063817B /* CreateCategoryViewController.swift in Sources */,
				4ED333A82B332FF000492B0F /* ThemeColorPickingView.swift in Sources */,
				4ECDA56F2E162753003D15F5 /* ThirdTabViewController.swift in Sources */,
				4E5960372B072E6F0029BA3D /* TotalListView.swift in Sources */,
				4E3E75742B678EB80073A951 /* DarkModeSettingViewController.swift in Sources */,
				4E1384E92AF3840A0063817B /* DateManager.swift in Sources */,
				4E5960332B072E380029BA3D /* TotalListViewController.swift in Sources */,
				4E2712042DA19C8C0007D53A /* ReuseIdentifiable.swift in Sources */,
				4E1384DB2AF382A40063817B /* ImageEntity+CoreDataProperties.swift in Sources */,
				4E1385012AF3859D0063817B /* CategoryListViewController.swift in Sources */,
				4EEEB25E2B0864740027AF01 /* MemoDetailViewSelectedImageCell.swift in Sources */,
				4E5960352B072E640029BA3D /* TotalListCollectionViewCell.swift in Sources */,
				4E1384E32AF3839F0063817B /* CategoryEntityManager.swift in Sources */,
				4E1384ED2AF3846C0063817B /* HomeView.swift in Sources */,
				4E1385192AF387100063817B /* SmallCardCollectionViewCell.swift in Sources */,
				4EE926872B4AB14900DC4674 /* CardImageShowingScrollView.swift in Sources */,
				4E13854E2AF38BFD0063817B /* DetailViewSelectedImageView.swift in Sources */,
				4E3E75762B678EBD0073A951 /* DarkModeSettingTableViewCell.swift in Sources */,
				4EFBF6A92E36482F0044A206 /* CardView.swift in Sources */,
				4EDD37012E330286002AF29B /* CustomIntensityBlurView.swift in Sources */,
				4E2712082DA1A5D30007D53A /* HomeHeaderButton.swift in Sources */,
				4E1384DC2AF382A40063817B /* MemoEntity+CoreDataClass.swift in Sources */,
				4E1384FD2AF385580063817B /* HomeViewPopupCardAnimatedTransitioning.swift in Sources */,
				4E1384A92AF37B350063817B /* ViewController.swift in Sources */,
				4E1384EF2AF384880063817B /* HomeHeaderView.swift in Sources */,
				4E1385132AF386AF0063817B /* LargeCardCollectionViewCell.swift in Sources */,
				4E1385222AF387AA0063817B /* CardImageShowingPresentationController.swift in Sources */,
				4E4FCCBA2B3C33E7000CBE17 /* DateFormatSettingViewController.swift in Sources */,
				4E6EE9692B201CDF0009DD84 /* LargeCardCollectionView.swift in Sources */,
				4E1385202AF387890063817B /* CardImageShowingCollectionViewCell.swift in Sources */,
				4E3F63562B0B7BFF004DD676 /* CategoryListView.swift in Sources */,
				4E1384F72AF385090063817B /* PopupCardViewController.swift in Sources */,
				4E1384D82AF382A40063817B /* CategoryEntity+CoreDataClass.swift in Sources */,
				4E13851C2AF387480063817B /* CardImageShowingViewController.swift in Sources */,
				4EC220262B077F6B007C9326 /* TotalListCellCategoryCell.swift in Sources */,
				4E13851E2AF3875D0063817B /* CardImageShowingView.swift in Sources */,
				4E3E75752B678EBA0073A951 /* DarkModeSettingView.swift in Sources */,
				4E1385092AF386260063817B /* InsetTextField.swift in Sources */,
				4E1384DF2AF382F70063817B /* ImageEntityManager.swift in Sources */,
				4E1384A52AF37B350063817B /* AppDelegate.swift in Sources */,
				4E13853C2AF38B000063817B /* MemoEditingViewController.swift in Sources */,
				4E59602F2B064C290029BA3D /* SettingsView.swift in Sources */,
				4ED333AA2B3336CB00492B0F /* ThemeColorPickingTableViewCell.swift in Sources */,
				4E462D692E2A1AF5004C0215 /* SmallCardCollectionView.swift in Sources */,
				4EFBF6A72E3648250044A206 /* CardViewController.swift in Sources */,
				4EEEB2602B0865B60027AF01 /* MemoDetailViewCategoryListCell.swift in Sources */,
				4E1384A72AF37B350063817B /* SceneDelegate.swift in Sources */,
				4E0BDF4C2B3D38C400813DCA /* OrderSettingViewController.swift in Sources */,
				4E13854C2AF38BE40063817B /* DetailViewSelectedImageViewController.swift in Sources */,
				4E87D09F2B7A55200081D3D4 /* MemoSearchingCollectionView.swift in Sources */,
				4E13852A2AF389930063817B /* MemoDetailView.swift in Sources */,
			);
			runOnlyForDeploymentPostprocessing = 0;
		};
/* End PBXSourcesBuildPhase section */

/* Begin PBXVariantGroup section */
		4E1384B22AF37B370063817B /* LaunchScreen.storyboard */ = {
			isa = PBXVariantGroup;
			children = (
				4E1384B32AF37B370063817B /* Base */,
				4ED42A912B3DA5CE00D14571 /* ko */,
				4ED42A962B3DA69300D14571 /* en */,
			);
			name = LaunchScreen.storyboard;
			sourceTree = "<group>";
		};
		4ED42A842B3D6EDA00D14571 /* Localizable.strings */ = {
			isa = PBXVariantGroup;
			children = (
				4ED42A922B3DA5CE00D14571 /* ko */,
				4ED42A972B3DA6E000D14571 /* en */,
			);
			name = Localizable.strings;
			sourceTree = "<group>";
		};
		4EEFF40A2B5CC155008F0BBB /* InfoPlist.strings */ = {
			isa = PBXVariantGroup;
			children = (
				4EEFF4092B5CC155008F0BBB /* ko */,
				4EEFF40C2B5CC167008F0BBB /* en */,
			);
			name = InfoPlist.strings;
			sourceTree = "<group>";
		};
/* End PBXVariantGroup section */

/* Begin XCBuildConfiguration section */
		4E1384B62AF37B370063817B /* Debug */ = {
			isa = XCBuildConfiguration;
			buildSettings = {
				ALWAYS_SEARCH_USER_PATHS = NO;
				ASSETCATALOG_COMPILER_GENERATE_SWIFT_ASSET_SYMBOL_EXTENSIONS = YES;
				CLANG_ANALYZER_LOCALIZABILITY_NONLOCALIZED = YES;
				CLANG_ANALYZER_NONNULL = YES;
				CLANG_ANALYZER_NUMBER_OBJECT_CONVERSION = YES_AGGRESSIVE;
				CLANG_CXX_LANGUAGE_STANDARD = "gnu++20";
				CLANG_ENABLE_MODULES = YES;
				CLANG_ENABLE_OBJC_ARC = YES;
				CLANG_ENABLE_OBJC_WEAK = YES;
				CLANG_WARN_BLOCK_CAPTURE_AUTORELEASING = YES;
				CLANG_WARN_BOOL_CONVERSION = YES;
				CLANG_WARN_COMMA = YES;
				CLANG_WARN_CONSTANT_CONVERSION = YES;
				CLANG_WARN_DEPRECATED_OBJC_IMPLEMENTATIONS = YES;
				CLANG_WARN_DIRECT_OBJC_ISA_USAGE = YES_ERROR;
				CLANG_WARN_DOCUMENTATION_COMMENTS = YES;
				CLANG_WARN_EMPTY_BODY = YES;
				CLANG_WARN_ENUM_CONVERSION = YES;
				CLANG_WARN_INFINITE_RECURSION = YES;
				CLANG_WARN_INT_CONVERSION = YES;
				CLANG_WARN_NON_LITERAL_NULL_CONVERSION = YES;
				CLANG_WARN_OBJC_IMPLICIT_RETAIN_SELF = YES;
				CLANG_WARN_OBJC_LITERAL_CONVERSION = YES;
				CLANG_WARN_OBJC_ROOT_CLASS = YES_ERROR;
				CLANG_WARN_QUOTED_INCLUDE_IN_FRAMEWORK_HEADER = YES;
				CLANG_WARN_RANGE_LOOP_ANALYSIS = YES;
				CLANG_WARN_STRICT_PROTOTYPES = YES;
				CLANG_WARN_SUSPICIOUS_MOVE = YES;
				CLANG_WARN_UNGUARDED_AVAILABILITY = YES_AGGRESSIVE;
				CLANG_WARN_UNREACHABLE_CODE = YES;
				CLANG_WARN__DUPLICATE_METHOD_MATCH = YES;
				COPY_PHASE_STRIP = NO;
				DEBUG_INFORMATION_FORMAT = dwarf;
				ENABLE_STRICT_OBJC_MSGSEND = YES;
				ENABLE_TESTABILITY = YES;
				ENABLE_USER_SCRIPT_SANDBOXING = YES;
				GCC_C_LANGUAGE_STANDARD = gnu17;
				GCC_DYNAMIC_NO_PIC = NO;
				GCC_NO_COMMON_BLOCKS = YES;
				GCC_OPTIMIZATION_LEVEL = 0;
				GCC_PREPROCESSOR_DEFINITIONS = (
					"DEBUG=1",
					"$(inherited)",
				);
				GCC_WARN_64_TO_32_BIT_CONVERSION = YES;
				GCC_WARN_ABOUT_RETURN_TYPE = YES_ERROR;
				GCC_WARN_UNDECLARED_SELECTOR = YES;
				GCC_WARN_UNINITIALIZED_AUTOS = YES_AGGRESSIVE;
				GCC_WARN_UNUSED_FUNCTION = YES;
				GCC_WARN_UNUSED_VARIABLE = YES;
				IPHONEOS_DEPLOYMENT_TARGET = 17.0;
				LOCALIZATION_PREFERS_STRING_CATALOGS = YES;
				MTL_ENABLE_DEBUG_INFO = INCLUDE_SOURCE;
				MTL_FAST_MATH = YES;
				ONLY_ACTIVE_ARCH = YES;
				SDKROOT = iphoneos;
				SWIFT_ACTIVE_COMPILATION_CONDITIONS = "DEBUG $(inherited)";
				SWIFT_OPTIMIZATION_LEVEL = "-Onone";
				SWIFT_VERSION = 5.0;
			};
			name = Debug;
		};
		4E1384B72AF37B370063817B /* Release */ = {
			isa = XCBuildConfiguration;
			buildSettings = {
				ALWAYS_SEARCH_USER_PATHS = NO;
				ASSETCATALOG_COMPILER_GENERATE_SWIFT_ASSET_SYMBOL_EXTENSIONS = YES;
				CLANG_ANALYZER_LOCALIZABILITY_NONLOCALIZED = YES;
				CLANG_ANALYZER_NONNULL = YES;
				CLANG_ANALYZER_NUMBER_OBJECT_CONVERSION = YES_AGGRESSIVE;
				CLANG_CXX_LANGUAGE_STANDARD = "gnu++20";
				CLANG_ENABLE_MODULES = YES;
				CLANG_ENABLE_OBJC_ARC = YES;
				CLANG_ENABLE_OBJC_WEAK = YES;
				CLANG_WARN_BLOCK_CAPTURE_AUTORELEASING = YES;
				CLANG_WARN_BOOL_CONVERSION = YES;
				CLANG_WARN_COMMA = YES;
				CLANG_WARN_CONSTANT_CONVERSION = YES;
				CLANG_WARN_DEPRECATED_OBJC_IMPLEMENTATIONS = YES;
				CLANG_WARN_DIRECT_OBJC_ISA_USAGE = YES_ERROR;
				CLANG_WARN_DOCUMENTATION_COMMENTS = YES;
				CLANG_WARN_EMPTY_BODY = YES;
				CLANG_WARN_ENUM_CONVERSION = YES;
				CLANG_WARN_INFINITE_RECURSION = YES;
				CLANG_WARN_INT_CONVERSION = YES;
				CLANG_WARN_NON_LITERAL_NULL_CONVERSION = YES;
				CLANG_WARN_OBJC_IMPLICIT_RETAIN_SELF = YES;
				CLANG_WARN_OBJC_LITERAL_CONVERSION = YES;
				CLANG_WARN_OBJC_ROOT_CLASS = YES_ERROR;
				CLANG_WARN_QUOTED_INCLUDE_IN_FRAMEWORK_HEADER = YES;
				CLANG_WARN_RANGE_LOOP_ANALYSIS = YES;
				CLANG_WARN_STRICT_PROTOTYPES = YES;
				CLANG_WARN_SUSPICIOUS_MOVE = YES;
				CLANG_WARN_UNGUARDED_AVAILABILITY = YES_AGGRESSIVE;
				CLANG_WARN_UNREACHABLE_CODE = YES;
				CLANG_WARN__DUPLICATE_METHOD_MATCH = YES;
				COPY_PHASE_STRIP = NO;
				DEBUG_INFORMATION_FORMAT = "dwarf-with-dsym";
				ENABLE_NS_ASSERTIONS = NO;
				ENABLE_STRICT_OBJC_MSGSEND = YES;
				ENABLE_USER_SCRIPT_SANDBOXING = YES;
				GCC_C_LANGUAGE_STANDARD = gnu17;
				GCC_NO_COMMON_BLOCKS = YES;
				GCC_WARN_64_TO_32_BIT_CONVERSION = YES;
				GCC_WARN_ABOUT_RETURN_TYPE = YES_ERROR;
				GCC_WARN_UNDECLARED_SELECTOR = YES;
				GCC_WARN_UNINITIALIZED_AUTOS = YES_AGGRESSIVE;
				GCC_WARN_UNUSED_FUNCTION = YES;
				GCC_WARN_UNUSED_VARIABLE = YES;
				IPHONEOS_DEPLOYMENT_TARGET = 17.0;
				LOCALIZATION_PREFERS_STRING_CATALOGS = YES;
				MTL_ENABLE_DEBUG_INFO = NO;
				MTL_FAST_MATH = YES;
				SDKROOT = iphoneos;
				SWIFT_COMPILATION_MODE = wholemodule;
				SWIFT_VERSION = 5.0;
				VALIDATE_PRODUCT = YES;
			};
			name = Release;
		};
		4E1384B92AF37B370063817B /* Debug */ = {
			isa = XCBuildConfiguration;
			buildSettings = {
				ASSETCATALOG_COMPILER_APPICON_NAME = AppIcon;
				ASSETCATALOG_COMPILER_GLOBAL_ACCENT_COLOR_NAME = AccentColor;
				CODE_SIGN_IDENTITY = "Apple Development";
				CODE_SIGN_STYLE = Automatic;
				CURRENT_PROJECT_VERSION = 2507161124;
				DEVELOPMENT_TEAM = 548W892M42;
				GENERATE_INFOPLIST_FILE = YES;
				INFOPLIST_FILE = NoteCard/Info.plist;
				INFOPLIST_KEY_CFBundleDisplayName = NoteCard;
				INFOPLIST_KEY_ITSAppUsesNonExemptEncryption = NO;
				INFOPLIST_KEY_LSApplicationCategoryType = "public.app-category.productivity";
				INFOPLIST_KEY_LSSupportsOpeningDocumentsInPlace = NO;
				INFOPLIST_KEY_NSPhotoLibraryAddUsageDescription = "포토 라이브러리 쓰기 권한 요청";
				INFOPLIST_KEY_NSPhotoLibraryUsageDescription = "포토 라이브러리 읽기 권한 요청";
				INFOPLIST_KEY_UIApplicationSupportsIndirectInputEvents = YES;
				INFOPLIST_KEY_UILaunchStoryboardName = LaunchScreen.storyboard;
				INFOPLIST_KEY_UISupportedInterfaceOrientations = "UIInterfaceOrientationLandscapeLeft UIInterfaceOrientationLandscapeRight UIInterfaceOrientationPortrait";
				INFOPLIST_KEY_UISupportedInterfaceOrientations_iPad = "UIInterfaceOrientationLandscapeLeft UIInterfaceOrientationLandscapeRight UIInterfaceOrientationPortrait UIInterfaceOrientationPortraitUpsideDown";
				INFOPLIST_KEY_UISupportsDocumentBrowser = NO;
				IPHONEOS_DEPLOYMENT_TARGET = 15.0;
				LD_RUNPATH_SEARCH_PATHS = (
					"$(inherited)",
					"@executable_path/Frameworks",
				);
				MARKETING_VERSION = 1.0.1;
				PRODUCT_BUNDLE_IDENTIFIER = com.minsung.NoteCard;
				PRODUCT_NAME = "$(TARGET_NAME)";
				PROVISIONING_PROFILE_SPECIFIER = "";
				SUPPORTED_PLATFORMS = "iphoneos iphonesimulator";
				SUPPORTS_MACCATALYST = NO;
				SUPPORTS_MAC_DESIGNED_FOR_IPHONE_IPAD = NO;
				SWIFT_EMIT_LOC_STRINGS = YES;
				SWIFT_VERSION = 5.0;
				TARGETED_DEVICE_FAMILY = "1,2";
			};
			name = Debug;
		};
		4E1384BA2AF37B370063817B /* Release */ = {
			isa = XCBuildConfiguration;
			buildSettings = {
				ASSETCATALOG_COMPILER_APPICON_NAME = AppIcon;
				ASSETCATALOG_COMPILER_GLOBAL_ACCENT_COLOR_NAME = AccentColor;
				CODE_SIGN_IDENTITY = "Apple Development";
				CODE_SIGN_STYLE = Automatic;
				CURRENT_PROJECT_VERSION = 2507161124;
				DEVELOPMENT_TEAM = 548W892M42;
				GENERATE_INFOPLIST_FILE = YES;
				INFOPLIST_FILE = NoteCard/Info.plist;
				INFOPLIST_KEY_CFBundleDisplayName = NoteCard;
				INFOPLIST_KEY_ITSAppUsesNonExemptEncryption = NO;
				INFOPLIST_KEY_LSApplicationCategoryType = "public.app-category.productivity";
				INFOPLIST_KEY_LSSupportsOpeningDocumentsInPlace = NO;
				INFOPLIST_KEY_NSPhotoLibraryAddUsageDescription = "포토 라이브러리 쓰기 권한 요청";
				INFOPLIST_KEY_NSPhotoLibraryUsageDescription = "포토 라이브러리 읽기 권한 요청";
				INFOPLIST_KEY_UIApplicationSupportsIndirectInputEvents = YES;
				INFOPLIST_KEY_UILaunchStoryboardName = LaunchScreen.storyboard;
				INFOPLIST_KEY_UISupportedInterfaceOrientations = "UIInterfaceOrientationLandscapeLeft UIInterfaceOrientationLandscapeRight UIInterfaceOrientationPortrait";
				INFOPLIST_KEY_UISupportedInterfaceOrientations_iPad = "UIInterfaceOrientationLandscapeLeft UIInterfaceOrientationLandscapeRight UIInterfaceOrientationPortrait UIInterfaceOrientationPortraitUpsideDown";
				INFOPLIST_KEY_UISupportsDocumentBrowser = NO;
				IPHONEOS_DEPLOYMENT_TARGET = 15.0;
				LD_RUNPATH_SEARCH_PATHS = (
					"$(inherited)",
					"@executable_path/Frameworks",
				);
				MARKETING_VERSION = 1.0.1;
				PRODUCT_BUNDLE_IDENTIFIER = com.minsung.NoteCard;
				PRODUCT_NAME = "$(TARGET_NAME)";
				PROVISIONING_PROFILE_SPECIFIER = "";
				SUPPORTED_PLATFORMS = "iphoneos iphonesimulator";
				SUPPORTS_MACCATALYST = NO;
				SUPPORTS_MAC_DESIGNED_FOR_IPHONE_IPAD = NO;
				SWIFT_EMIT_LOC_STRINGS = YES;
				SWIFT_VERSION = 5.0;
				TARGETED_DEVICE_FAMILY = "1,2";
			};
			name = Release;
		};
/* End XCBuildConfiguration section */

/* Begin XCConfigurationList section */
		4E13849C2AF37B350063817B /* Build configuration list for PBXProject "NoteCard" */ = {
			isa = XCConfigurationList;
			buildConfigurations = (
				4E1384B62AF37B370063817B /* Debug */,
				4E1384B72AF37B370063817B /* Release */,
			);
			defaultConfigurationIsVisible = 0;
			defaultConfigurationName = Release;
		};
		4E1384B82AF37B370063817B /* Build configuration list for PBXNativeTarget "NoteCard" */ = {
			isa = XCConfigurationList;
			buildConfigurations = (
				4E1384B92AF37B370063817B /* Debug */,
				4E1384BA2AF37B370063817B /* Release */,
			);
			defaultConfigurationIsVisible = 0;
			defaultConfigurationName = Release;
		};
/* End XCConfigurationList section */

/* Begin XCLocalSwiftPackageReference section */
		4EAF4F2A2E38580500A1AA36 /* XCLocalSwiftPackageReference "../Library/Wisp" */ = {
			isa = XCLocalSwiftPackageReference;
			relativePath = ../Library/Wisp;
		};
/* End XCLocalSwiftPackageReference section */

/* Begin XCSwiftPackageProductDependency section */
		4EAF4F2B2E38580500A1AA36 /* Wisp */ = {
			isa = XCSwiftPackageProductDependency;
			productName = Wisp;
		};
/* End XCSwiftPackageProductDependency section */

/* Begin XCVersionGroup section */
		4E10F8422B654162007B468A /* NoteCardCoreData.xcdatamodeld */ = {
			isa = XCVersionGroup;
			children = (
				4E10F8432B654162007B468A /* NoteCardCoreData.xcdatamodel */,
			);
			currentVersion = 4E10F8432B654162007B468A /* NoteCardCoreData.xcdatamodel */;
			path = NoteCardCoreData.xcdatamodeld;
			sourceTree = "<group>";
			versionGroupType = wrapper.xcdatamodel;
		};
/* End XCVersionGroup section */
	};
	rootObject = 4E1384992AF37B350063817B /* Project object */;
}
