// !$*UTF8*$!
{
	archiveVersion = 1;
	classes = {
	};
	objectVersion = 70;
	objects = {

/* Begin PBXBuildFile section */
		4E00A0CF2E5F4711007ABF00 /* MemoEntity+Mapping.swift in Sources */ = {isa = PBXBuildFile; fileRef = 4E00A0CE2E5F4711007ABF00 /* MemoEntity+Mapping.swift */; };
		4E00A0D12E5F4758007ABF00 /* CategoryEntity+Mapping.swift in Sources */ = {isa = PBXBuildFile; fileRef = 4E00A0D02E5F4758007ABF00 /* CategoryEntity+Mapping.swift */; };
		4E00A0D32E5F6250007ABF00 /* ImageEntity+Mapping.swift in Sources */ = {isa = PBXBuildFile; fileRef = 4E00A0D22E5F6250007ABF00 /* ImageEntity+Mapping.swift */; };
		4E0126A82B4D5400007110CC /* MemoDetailViewSelectedImageCollectionView.swift in Sources */ = {isa = PBXBuildFile; fileRef = 4E0126A72B4D5400007110CC /* MemoDetailViewSelectedImageCollectionView.swift */; };
		4E0BDF4C2B3D38C400813DCA /* OrderSettingViewController.swift in Sources */ = {isa = PBXBuildFile; fileRef = 4E0BDF4B2B3D38C000813DCA /* OrderSettingViewController.swift */; };
		4E0BDF4D2B3D38C800813DCA /* OrderSettingTableViewCell.swift in Sources */ = {isa = PBXBuildFile; fileRef = 4E0BDF492B3D38C000813DCA /* OrderSettingTableViewCell.swift */; };
		4E0BDF4E2B3D38C800813DCA /* OrderSettingView.swift in Sources */ = {isa = PBXBuildFile; fileRef = 4E0BDF4A2B3D38C000813DCA /* OrderSettingView.swift */; };
		4E10F8442B654162007B468A /* NoteCardCoreData.xcdatamodeld in Sources */ = {isa = PBXBuildFile; fileRef = 4E10F8422B654162007B468A /* NoteCardCoreData.xcdatamodeld */; };
		4E1384A92AF37B350063817B /* ViewController.swift in Sources */ = {isa = PBXBuildFile; fileRef = 4E1384A82AF37B350063817B /* ViewController.swift */; };
		4E1384B12AF37B370063817B /* Assets.xcassets in Resources */ = {isa = PBXBuildFile; fileRef = 4E1384B02AF37B370063817B /* Assets.xcassets */; };
		4E1384B42AF37B370063817B /* LaunchScreen.storyboard in Resources */ = {isa = PBXBuildFile; fileRef = 4E1384B22AF37B370063817B /* LaunchScreen.storyboard */; };
		4E1384DF2AF382F70063817B /* ImageEntityManager.swift in Sources */ = {isa = PBXBuildFile; fileRef = 4E1384DE2AF382F70063817B /* ImageEntityManager.swift */; };
		4E1384E12AF3833E0063817B /* MemoEntityManager.swift in Sources */ = {isa = PBXBuildFile; fileRef = 4E1384E02AF3833E0063817B /* MemoEntityManager.swift */; };
		4E1384E32AF3839F0063817B /* CategoryEntityManager.swift in Sources */ = {isa = PBXBuildFile; fileRef = 4E1384E22AF3839F0063817B /* CategoryEntityManager.swift */; };
		4E1384E52AF383D70063817B /* DataManager.swift in Sources */ = {isa = PBXBuildFile; fileRef = 4E1384E42AF383D70063817B /* DataManager.swift */; };
		4E1384E92AF3840A0063817B /* DateManager.swift in Sources */ = {isa = PBXBuildFile; fileRef = 4E1384E82AF3840A0063817B /* DateManager.swift */; };
		4E1384EB2AF3843A0063817B /* HomeViewController.swift in Sources */ = {isa = PBXBuildFile; fileRef = 4E1384EA2AF3843A0063817B /* HomeViewController.swift */; };
		4E1384ED2AF3846C0063817B /* HomeView.swift in Sources */ = {isa = PBXBuildFile; fileRef = 4E1384EC2AF3846C0063817B /* HomeView.swift */; };
		4E1384EF2AF384880063817B /* HomeHeaderView.swift in Sources */ = {isa = PBXBuildFile; fileRef = 4E1384EE2AF384880063817B /* HomeHeaderView.swift */; };
		4E1384F12AF384A70063817B /* HomeCategoryCell.swift in Sources */ = {isa = PBXBuildFile; fileRef = 4E1384F02AF384A70063817B /* HomeCategoryCell.swift */; };
		4E1384F32AF384C80063817B /* HomeCardCell.swift in Sources */ = {isa = PBXBuildFile; fileRef = 4E1384F22AF384C80063817B /* HomeCardCell.swift */; };
		4E1384F72AF385090063817B /* PopupCardViewController.swift in Sources */ = {isa = PBXBuildFile; fileRef = 4E1384F62AF385090063817B /* PopupCardViewController.swift */; };
		4E1384F92AF3851B0063817B /* PopupCardView.swift in Sources */ = {isa = PBXBuildFile; fileRef = 4E1384F82AF3851B0063817B /* PopupCardView.swift */; };
		4E1385012AF3859D0063817B /* CategoryListViewController.swift in Sources */ = {isa = PBXBuildFile; fileRef = 4E1385002AF3859D0063817B /* CategoryListViewController.swift */; };
		4E1385032AF385B00063817B /* CategoryListTableViewCell.swift in Sources */ = {isa = PBXBuildFile; fileRef = 4E1385022AF385B00063817B /* CategoryListTableViewCell.swift */; };
		4E1385052AF385F20063817B /* CreateCategoryViewController.swift in Sources */ = {isa = PBXBuildFile; fileRef = 4E1385042AF385F20063817B /* CreateCategoryViewController.swift */; };
		4E1385072AF3860B0063817B /* CreateCategoryView.swift in Sources */ = {isa = PBXBuildFile; fileRef = 4E1385062AF3860B0063817B /* CreateCategoryView.swift */; };
		4E1385092AF386260063817B /* InsetTextField.swift in Sources */ = {isa = PBXBuildFile; fileRef = 4E1385082AF386260063817B /* InsetTextField.swift */; };
		4E13850F2AF386750063817B /* MemoViewController.swift in Sources */ = {isa = PBXBuildFile; fileRef = 4E13850E2AF386750063817B /* MemoViewController.swift */; };
		4E1385112AF386920063817B /* MemoView.swift in Sources */ = {isa = PBXBuildFile; fileRef = 4E1385102AF386920063817B /* MemoView.swift */; };
		4E1385192AF387100063817B /* SmallCardCollectionViewCell.swift in Sources */ = {isa = PBXBuildFile; fileRef = 4E1385182AF387100063817B /* SmallCardCollectionViewCell.swift */; };
		4E13851C2AF387480063817B /* CardImageShowingViewController.swift in Sources */ = {isa = PBXBuildFile; fileRef = 4E13851B2AF387480063817B /* CardImageShowingViewController.swift */; };
		4E13851E2AF3875D0063817B /* CardImageShowingView.swift in Sources */ = {isa = PBXBuildFile; fileRef = 4E13851D2AF3875D0063817B /* CardImageShowingView.swift */; };
		4E1385202AF387890063817B /* CardImageShowingCollectionViewCell.swift in Sources */ = {isa = PBXBuildFile; fileRef = 4E13851F2AF387890063817B /* CardImageShowingCollectionViewCell.swift */; };
		4E13852A2AF389930063817B /* MemoDetailView.swift in Sources */ = {isa = PBXBuildFile; fileRef = 4E1385292AF389930063817B /* MemoDetailView.swift */; };
		4E13854C2AF38BE40063817B /* DetailViewSelectedImageViewController.swift in Sources */ = {isa = PBXBuildFile; fileRef = 4E13854B2AF38BE40063817B /* DetailViewSelectedImageViewController.swift */; };
		4E13854E2AF38BFD0063817B /* DetailViewSelectedImageView.swift in Sources */ = {isa = PBXBuildFile; fileRef = 4E13854D2AF38BFD0063817B /* DetailViewSelectedImageView.swift */; };
		4E2712082DA1A5D30007D53A /* HomeHeaderButton.swift in Sources */ = {isa = PBXBuildFile; fileRef = 4E2712072DA1A5D30007D53A /* HomeHeaderButton.swift */; };
		4E3E75742B678EB80073A951 /* DarkModeSettingViewController.swift in Sources */ = {isa = PBXBuildFile; fileRef = 4E3E75712B677EFB0073A951 /* DarkModeSettingViewController.swift */; };
		4E3E75752B678EBA0073A951 /* DarkModeSettingView.swift in Sources */ = {isa = PBXBuildFile; fileRef = 4E3E75722B677EFB0073A951 /* DarkModeSettingView.swift */; };
		4E3E75762B678EBD0073A951 /* DarkModeSettingTableViewCell.swift in Sources */ = {isa = PBXBuildFile; fileRef = 4E3E75732B677EFB0073A951 /* DarkModeSettingTableViewCell.swift */; };
		4E3E757C2B6889260073A951 /* MainTabBarController.swift in Sources */ = {isa = PBXBuildFile; fileRef = 4E3E757B2B6889260073A951 /* MainTabBarController.swift */; };
		4E3F63562B0B7BFF004DD676 /* CategoryListView.swift in Sources */ = {isa = PBXBuildFile; fileRef = 4E3F63552B0B7BFF004DD676 /* CategoryListView.swift */; };
		4E462D692E2A1AF5004C0215 /* SmallCardCollectionView.swift in Sources */ = {isa = PBXBuildFile; fileRef = 4E462D682E2A1AF5004C0215 /* SmallCardCollectionView.swift */; };
		4E4FCCBA2B3C33E7000CBE17 /* DateFormatSettingViewController.swift in Sources */ = {isa = PBXBuildFile; fileRef = 4E4FCCB92B3C33E7000CBE17 /* DateFormatSettingViewController.swift */; };
		4E4FCCBC2B3C33FD000CBE17 /* DateFormatSettingView.swift in Sources */ = {isa = PBXBuildFile; fileRef = 4E4FCCBB2B3C33FD000CBE17 /* DateFormatSettingView.swift */; };
		4E4FCCBE2B3C3644000CBE17 /* DateFormatSettingTableViewCell.swift in Sources */ = {isa = PBXBuildFile; fileRef = 4E4FCCBD2B3C3644000CBE17 /* DateFormatSettingTableViewCell.swift */; };
		4E4FCCC32B3C5871000CBE17 /* TimeFormatSettingViewController.swift in Sources */ = {isa = PBXBuildFile; fileRef = 4E4FCCC02B3C571F000CBE17 /* TimeFormatSettingViewController.swift */; };
		4E4FCCC42B3C5873000CBE17 /* TimeFormatSettingView.swift in Sources */ = {isa = PBXBuildFile; fileRef = 4E4FCCC22B3C5810000CBE17 /* TimeFormatSettingView.swift */; };
		4E4FCCC52B3C5875000CBE17 /* TimeFormatSettingTableViewCell.swift in Sources */ = {isa = PBXBuildFile; fileRef = 4E4FCCC12B3C5810000CBE17 /* TimeFormatSettingTableViewCell.swift */; };
		4E57A6002E54380700418962 /* CoreDataStack.swift in Sources */ = {isa = PBXBuildFile; fileRef = 4E57A5FF2E54380700418962 /* CoreDataStack.swift */; };
		4E57A7F62E555D5500418962 /* CategoryEntity+CoreDataClass.swift in Sources */ = {isa = PBXBuildFile; fileRef = 4E1384D22AF382A40063817B /* CategoryEntity+CoreDataClass.swift */; };
		4E57A7F72E555D5500418962 /* ImageEntity+CoreDataProperties.swift in Sources */ = {isa = PBXBuildFile; fileRef = 4E1384D52AF382A40063817B /* ImageEntity+CoreDataProperties.swift */; };
		4E57A7F82E555D5500418962 /* MemoEntity+CoreDataProperties.swift in Sources */ = {isa = PBXBuildFile; fileRef = 4E1384D72AF382A40063817B /* MemoEntity+CoreDataProperties.swift */; };
		4E57A7F92E555D5500418962 /* ImageEntity+CoreDataClass.swift in Sources */ = {isa = PBXBuildFile; fileRef = 4E1384D42AF382A40063817B /* ImageEntity+CoreDataClass.swift */; };
		4E57A7FA2E555D5500418962 /* MemoEntity+CoreDataClass.swift in Sources */ = {isa = PBXBuildFile; fileRef = 4E1384D62AF382A40063817B /* MemoEntity+CoreDataClass.swift */; };
		4E57A7FB2E555D5500418962 /* CategoryEntity+CoreDataProperties.swift in Sources */ = {isa = PBXBuildFile; fileRef = 4E1384D32AF382A40063817B /* CategoryEntity+CoreDataProperties.swift */; };
		4E59602D2B064BE20029BA3D /* SettingsViewController.swift in Sources */ = {isa = PBXBuildFile; fileRef = 4E59602C2B064BE20029BA3D /* SettingsViewController.swift */; };
		4E59602F2B064C290029BA3D /* SettingsView.swift in Sources */ = {isa = PBXBuildFile; fileRef = 4E59602E2B064C290029BA3D /* SettingsView.swift */; };
		4E5960312B0652AF0029BA3D /* SettingsTableViewCell.swift in Sources */ = {isa = PBXBuildFile; fileRef = 4E5960302B0652AF0029BA3D /* SettingsTableViewCell.swift */; };
		4E69E3ED2EEA87A700A05E94 /* SettingsPlaceholderViewController.swift in Sources */ = {isa = PBXBuildFile; fileRef = 4E69E3EC2EEA87A700A05E94 /* SettingsPlaceholderViewController.swift */; };
		4EAF4F2C2E38580500A1AA36 /* Wisp in Frameworks */ = {isa = PBXBuildFile; productRef = 4EAF4F2B2E38580500A1AA36 /* Wisp */; };
		4EBF7A212B0C8BAE0068BE57 /* CategoryListTableViewDiffableDataSource.swift in Sources */ = {isa = PBXBuildFile; fileRef = 4EBF7A202B0C8BAE0068BE57 /* CategoryListTableViewDiffableDataSource.swift */; };
		4EC9B6502E42EBD40031250B /* MemoSearchingViewController.swift in Sources */ = {isa = PBXBuildFile; fileRef = 4EC9B64F2E42EBD40031250B /* MemoSearchingViewController.swift */; };
		4EC9B6522E42EBE80031250B /* MemoSearchingView.swift in Sources */ = {isa = PBXBuildFile; fileRef = 4EC9B6512E42EBE80031250B /* MemoSearchingView.swift */; };
		4EC9B6A52E42F1ED0031250B /* MemoSearchingCell.swift in Sources */ = {isa = PBXBuildFile; fileRef = 4EC9B6A42E42F1ED0031250B /* MemoSearchingCell.swift */; };
		4EC9B6A72E430FD30031250B /* SearchBar.swift in Sources */ = {isa = PBXBuildFile; fileRef = 4EC9B6A62E430FD30031250B /* SearchBar.swift */; };
		4EC9E63B2E4A4FB1007ECD86 /* MainSplitViewController.swift in Sources */ = {isa = PBXBuildFile; fileRef = 4EC9E63A2E4A4FB1007ECD86 /* MainSplitViewController.swift */; };
		4ECD7FBD2E72B444003A3931 /* MemoDetailViewController.swift in Sources */ = {isa = PBXBuildFile; fileRef = 4ECD7FBC2E72B444003A3931 /* MemoDetailViewController.swift */; };
		4ECDA56F2E162753003D15F5 /* ThirdTabViewController.swift in Sources */ = {isa = PBXBuildFile; fileRef = 4ECDA56E2E162753003D15F5 /* ThirdTabViewController.swift */; };
		4ED063B92E49A532005AD817 /* MemoImageCollectionViewCell.swift in Sources */ = {isa = PBXBuildFile; fileRef = 4E1385142AF386D10063817B /* MemoImageCollectionViewCell.swift */; };
		4ED333A62B332FCD00492B0F /* ThemeColorPickingViewController.swift in Sources */ = {isa = PBXBuildFile; fileRef = 4ED333A52B332FCD00492B0F /* ThemeColorPickingViewController.swift */; };
		4ED333A82B332FF000492B0F /* ThemeColorPickingView.swift in Sources */ = {isa = PBXBuildFile; fileRef = 4ED333A72B332FF000492B0F /* ThemeColorPickingView.swift */; };
		4ED333AA2B3336CB00492B0F /* ThemeColorPickingTableViewCell.swift in Sources */ = {isa = PBXBuildFile; fileRef = 4ED333A92B3336CB00492B0F /* ThemeColorPickingTableViewCell.swift */; };
		4ED42A822B3D6EDA00D14571 /* Localizable.strings in Resources */ = {isa = PBXBuildFile; fileRef = 4ED42A842B3D6EDA00D14571 /* Localizable.strings */; };
		4EDD37012E330286002AF29B /* CustomIntensityBlurView.swift in Sources */ = {isa = PBXBuildFile; fileRef = 4EDD37002E330286002AF29B /* CustomIntensityBlurView.swift */; };
		4EDF43172B2EB3F200AFEEB5 /* CategorySelectionViewController.swift in Sources */ = {isa = PBXBuildFile; fileRef = 4EDF43162B2EB3F200AFEEB5 /* CategorySelectionViewController.swift */; };
		4EE7396E2EADCA0400DD3912 /* PopupCategoryCell.swift in Sources */ = {isa = PBXBuildFile; fileRef = 4EE7396D2EADCA0400DD3912 /* PopupCategoryCell.swift */; };
		4EE926872B4AB14900DC4674 /* CardImageShowingScrollView.swift in Sources */ = {isa = PBXBuildFile; fileRef = 4EE926862B4AB14900DC4674 /* CardImageShowingScrollView.swift */; };
		4EEEB25E2B0864740027AF01 /* MemoDetailViewSelectedImageCell.swift in Sources */ = {isa = PBXBuildFile; fileRef = 4EEEB25D2B0864740027AF01 /* MemoDetailViewSelectedImageCell.swift */; };
		4EEEB2602B0865B60027AF01 /* MemoDetailViewCategoryListCell.swift in Sources */ = {isa = PBXBuildFile; fileRef = 4EEEB25F2B0865B60027AF01 /* MemoDetailViewCategoryListCell.swift */; };
		4EFA2F3D2B27413700FCDD1B /* LeftAlignedFlowLayout.swift in Sources */ = {isa = PBXBuildFile; fileRef = 4EFA2F3C2B27413700FCDD1B /* LeftAlignedFlowLayout.swift */; };
		4EFC02DE2B42927700C778DF /* TextSizeSettingViewController.swift in Sources */ = {isa = PBXBuildFile; fileRef = 4EFC02DD2B42927700C778DF /* TextSizeSettingViewController.swift */; };
		4EFC02E02B42928F00C778DF /* TextSizeSettingView.swift in Sources */ = {isa = PBXBuildFile; fileRef = 4EFC02DF2B42928F00C778DF /* TextSizeSettingView.swift */; };
/* End PBXBuildFile section */

/* Begin PBXFileReference section */
		4E00A0CE2E5F4711007ABF00 /* MemoEntity+Mapping.swift */ = {isa = PBXFileReference; lastKnownFileType = sourcecode.swift; path = "MemoEntity+Mapping.swift"; sourceTree = "<group>"; };
		4E00A0D02E5F4758007ABF00 /* CategoryEntity+Mapping.swift */ = {isa = PBXFileReference; lastKnownFileType = sourcecode.swift; path = "CategoryEntity+Mapping.swift"; sourceTree = "<group>"; };
		4E00A0D22E5F6250007ABF00 /* ImageEntity+Mapping.swift */ = {isa = PBXFileReference; lastKnownFileType = sourcecode.swift; path = "ImageEntity+Mapping.swift"; sourceTree = "<group>"; };
		4E0126A72B4D5400007110CC /* MemoDetailViewSelectedImageCollectionView.swift */ = {isa = PBXFileReference; lastKnownFileType = sourcecode.swift; path = MemoDetailViewSelectedImageCollectionView.swift; sourceTree = "<group>"; };
		4E0BDF492B3D38C000813DCA /* OrderSettingTableViewCell.swift */ = {isa = PBXFileReference; lastKnownFileType = sourcecode.swift; path = OrderSettingTableViewCell.swift; sourceTree = "<group>"; };
		4E0BDF4A2B3D38C000813DCA /* OrderSettingView.swift */ = {isa = PBXFileReference; lastKnownFileType = sourcecode.swift; path = OrderSettingView.swift; sourceTree = "<group>"; };
		4E0BDF4B2B3D38C000813DCA /* OrderSettingViewController.swift */ = {isa = PBXFileReference; lastKnownFileType = sourcecode.swift; path = OrderSettingViewController.swift; sourceTree = "<group>"; };
		4E10F8432B654162007B468A /* NoteCardCoreData.xcdatamodel */ = {isa = PBXFileReference; lastKnownFileType = wrapper.xcdatamodel; path = NoteCardCoreData.xcdatamodel; sourceTree = "<group>"; };
		4E1384A12AF37B350063817B /* NoteCard.app */ = {isa = PBXFileReference; explicitFileType = wrapper.application; includeInIndex = 0; path = NoteCard.app; sourceTree = BUILT_PRODUCTS_DIR; };
		4E1384A82AF37B350063817B /* ViewController.swift */ = {isa = PBXFileReference; lastKnownFileType = sourcecode.swift; path = ViewController.swift; sourceTree = "<group>"; };
		4E1384B02AF37B370063817B /* Assets.xcassets */ = {isa = PBXFileReference; lastKnownFileType = folder.assetcatalog; path = Assets.xcassets; sourceTree = "<group>"; };
		4E1384B32AF37B370063817B /* Base */ = {isa = PBXFileReference; lastKnownFileType = file.storyboard; name = Base; path = Base.lproj/LaunchScreen.storyboard; sourceTree = "<group>"; };
		4E1384B52AF37B370063817B /* Info.plist */ = {isa = PBXFileReference; lastKnownFileType = text.plist.xml; path = Info.plist; sourceTree = "<group>"; };
		4E1384D22AF382A40063817B /* CategoryEntity+CoreDataClass.swift */ = {isa = PBXFileReference; lastKnownFileType = sourcecode.swift; path = "CategoryEntity+CoreDataClass.swift"; sourceTree = "<group>"; };
		4E1384D32AF382A40063817B /* CategoryEntity+CoreDataProperties.swift */ = {isa = PBXFileReference; lastKnownFileType = sourcecode.swift; path = "CategoryEntity+CoreDataProperties.swift"; sourceTree = "<group>"; };
		4E1384D42AF382A40063817B /* ImageEntity+CoreDataClass.swift */ = {isa = PBXFileReference; lastKnownFileType = sourcecode.swift; path = "ImageEntity+CoreDataClass.swift"; sourceTree = "<group>"; };
		4E1384D52AF382A40063817B /* ImageEntity+CoreDataProperties.swift */ = {isa = PBXFileReference; lastKnownFileType = sourcecode.swift; path = "ImageEntity+CoreDataProperties.swift"; sourceTree = "<group>"; };
		4E1384D62AF382A40063817B /* MemoEntity+CoreDataClass.swift */ = {isa = PBXFileReference; lastKnownFileType = sourcecode.swift; path = "MemoEntity+CoreDataClass.swift"; sourceTree = "<group>"; };
		4E1384D72AF382A40063817B /* MemoEntity+CoreDataProperties.swift */ = {isa = PBXFileReference; lastKnownFileType = sourcecode.swift; path = "MemoEntity+CoreDataProperties.swift"; sourceTree = "<group>"; };
		4E1384DE2AF382F70063817B /* ImageEntityManager.swift */ = {isa = PBXFileReference; lastKnownFileType = sourcecode.swift; path = ImageEntityManager.swift; sourceTree = "<group>"; };
		4E1384E02AF3833E0063817B /* MemoEntityManager.swift */ = {isa = PBXFileReference; lastKnownFileType = sourcecode.swift; path = MemoEntityManager.swift; sourceTree = "<group>"; };
		4E1384E22AF3839F0063817B /* CategoryEntityManager.swift */ = {isa = PBXFileReference; lastKnownFileType = sourcecode.swift; path = CategoryEntityManager.swift; sourceTree = "<group>"; };
		4E1384E42AF383D70063817B /* DataManager.swift */ = {isa = PBXFileReference; lastKnownFileType = sourcecode.swift; path = DataManager.swift; sourceTree = "<group>"; };
		4E1384E82AF3840A0063817B /* DateManager.swift */ = {isa = PBXFileReference; lastKnownFileType = sourcecode.swift; path = DateManager.swift; sourceTree = "<group>"; };
		4E1384EA2AF3843A0063817B /* HomeViewController.swift */ = {isa = PBXFileReference; lastKnownFileType = sourcecode.swift; path = HomeViewController.swift; sourceTree = "<group>"; };
		4E1384EC2AF3846C0063817B /* HomeView.swift */ = {isa = PBXFileReference; lastKnownFileType = sourcecode.swift; path = HomeView.swift; sourceTree = "<group>"; };
		4E1384EE2AF384880063817B /* HomeHeaderView.swift */ = {isa = PBXFileReference; lastKnownFileType = sourcecode.swift; path = HomeHeaderView.swift; sourceTree = "<group>"; };
		4E1384F02AF384A70063817B /* HomeCategoryCell.swift */ = {isa = PBXFileReference; lastKnownFileType = sourcecode.swift; path = HomeCategoryCell.swift; sourceTree = "<group>"; };
		4E1384F22AF384C80063817B /* HomeCardCell.swift */ = {isa = PBXFileReference; lastKnownFileType = sourcecode.swift; path = HomeCardCell.swift; sourceTree = "<group>"; };
		4E1384F62AF385090063817B /* PopupCardViewController.swift */ = {isa = PBXFileReference; lastKnownFileType = sourcecode.swift; path = PopupCardViewController.swift; sourceTree = "<group>"; };
		4E1384F82AF3851B0063817B /* PopupCardView.swift */ = {isa = PBXFileReference; lastKnownFileType = sourcecode.swift; path = PopupCardView.swift; sourceTree = "<group>"; };
		4E1385002AF3859D0063817B /* CategoryListViewController.swift */ = {isa = PBXFileReference; lastKnownFileType = sourcecode.swift; path = CategoryListViewController.swift; sourceTree = "<group>"; };
		4E1385022AF385B00063817B /* CategoryListTableViewCell.swift */ = {isa = PBXFileReference; lastKnownFileType = sourcecode.swift; path = CategoryListTableViewCell.swift; sourceTree = "<group>"; };
		4E1385042AF385F20063817B /* CreateCategoryViewController.swift */ = {isa = PBXFileReference; lastKnownFileType = sourcecode.swift; path = CreateCategoryViewController.swift; sourceTree = "<group>"; };
		4E1385062AF3860B0063817B /* CreateCategoryView.swift */ = {isa = PBXFileReference; lastKnownFileType = sourcecode.swift; path = CreateCategoryView.swift; sourceTree = "<group>"; };
		4E1385082AF386260063817B /* InsetTextField.swift */ = {isa = PBXFileReference; lastKnownFileType = sourcecode.swift; path = InsetTextField.swift; sourceTree = "<group>"; };
		4E13850E2AF386750063817B /* MemoViewController.swift */ = {isa = PBXFileReference; lastKnownFileType = sourcecode.swift; path = MemoViewController.swift; sourceTree = "<group>"; };
		4E1385102AF386920063817B /* MemoView.swift */ = {isa = PBXFileReference; lastKnownFileType = sourcecode.swift; path = MemoView.swift; sourceTree = "<group>"; };
		4E1385142AF386D10063817B /* MemoImageCollectionViewCell.swift */ = {isa = PBXFileReference; lastKnownFileType = sourcecode.swift; path = MemoImageCollectionViewCell.swift; sourceTree = "<group>"; };
		4E1385182AF387100063817B /* SmallCardCollectionViewCell.swift */ = {isa = PBXFileReference; lastKnownFileType = sourcecode.swift; path = SmallCardCollectionViewCell.swift; sourceTree = "<group>"; };
		4E13851B2AF387480063817B /* CardImageShowingViewController.swift */ = {isa = PBXFileReference; lastKnownFileType = sourcecode.swift; path = CardImageShowingViewController.swift; sourceTree = "<group>"; };
		4E13851D2AF3875D0063817B /* CardImageShowingView.swift */ = {isa = PBXFileReference; lastKnownFileType = sourcecode.swift; path = CardImageShowingView.swift; sourceTree = "<group>"; };
		4E13851F2AF387890063817B /* CardImageShowingCollectionViewCell.swift */ = {isa = PBXFileReference; lastKnownFileType = sourcecode.swift; path = CardImageShowingCollectionViewCell.swift; sourceTree = "<group>"; };
		4E1385292AF389930063817B /* MemoDetailView.swift */ = {isa = PBXFileReference; lastKnownFileType = sourcecode.swift; path = MemoDetailView.swift; sourceTree = "<group>"; };
		4E13854B2AF38BE40063817B /* DetailViewSelectedImageViewController.swift */ = {isa = PBXFileReference; lastKnownFileType = sourcecode.swift; path = DetailViewSelectedImageViewController.swift; sourceTree = "<group>"; };
		4E13854D2AF38BFD0063817B /* DetailViewSelectedImageView.swift */ = {isa = PBXFileReference; lastKnownFileType = sourcecode.swift; path = DetailViewSelectedImageView.swift; sourceTree = "<group>"; };
		4E2712072DA1A5D30007D53A /* HomeHeaderButton.swift */ = {isa = PBXFileReference; lastKnownFileType = sourcecode.swift; path = HomeHeaderButton.swift; sourceTree = "<group>"; };
		4E3E75712B677EFB0073A951 /* DarkModeSettingViewController.swift */ = {isa = PBXFileReference; lastKnownFileType = sourcecode.swift; path = DarkModeSettingViewController.swift; sourceTree = "<group>"; };
		4E3E75722B677EFB0073A951 /* DarkModeSettingView.swift */ = {isa = PBXFileReference; lastKnownFileType = sourcecode.swift; path = DarkModeSettingView.swift; sourceTree = "<group>"; };
		4E3E75732B677EFB0073A951 /* DarkModeSettingTableViewCell.swift */ = {isa = PBXFileReference; lastKnownFileType = sourcecode.swift; path = DarkModeSettingTableViewCell.swift; sourceTree = "<group>"; };
		4E3E757B2B6889260073A951 /* MainTabBarController.swift */ = {isa = PBXFileReference; lastKnownFileType = sourcecode.swift; path = MainTabBarController.swift; sourceTree = "<group>"; };
		4E3F63552B0B7BFF004DD676 /* CategoryListView.swift */ = {isa = PBXFileReference; lastKnownFileType = sourcecode.swift; path = CategoryListView.swift; sourceTree = "<group>"; };
		4E462D682E2A1AF5004C0215 /* SmallCardCollectionView.swift */ = {isa = PBXFileReference; lastKnownFileType = sourcecode.swift; path = SmallCardCollectionView.swift; sourceTree = "<group>"; };
		4E4FCCB92B3C33E7000CBE17 /* DateFormatSettingViewController.swift */ = {isa = PBXFileReference; lastKnownFileType = sourcecode.swift; path = DateFormatSettingViewController.swift; sourceTree = "<group>"; };
		4E4FCCBB2B3C33FD000CBE17 /* DateFormatSettingView.swift */ = {isa = PBXFileReference; lastKnownFileType = sourcecode.swift; path = DateFormatSettingView.swift; sourceTree = "<group>"; };
		4E4FCCBD2B3C3644000CBE17 /* DateFormatSettingTableViewCell.swift */ = {isa = PBXFileReference; lastKnownFileType = sourcecode.swift; path = DateFormatSettingTableViewCell.swift; sourceTree = "<group>"; };
		4E4FCCC02B3C571F000CBE17 /* TimeFormatSettingViewController.swift */ = {isa = PBXFileReference; lastKnownFileType = sourcecode.swift; path = TimeFormatSettingViewController.swift; sourceTree = "<group>"; };
		4E4FCCC12B3C5810000CBE17 /* TimeFormatSettingTableViewCell.swift */ = {isa = PBXFileReference; lastKnownFileType = sourcecode.swift; path = TimeFormatSettingTableViewCell.swift; sourceTree = "<group>"; };
		4E4FCCC22B3C5810000CBE17 /* TimeFormatSettingView.swift */ = {isa = PBXFileReference; lastKnownFileType = sourcecode.swift; path = TimeFormatSettingView.swift; sourceTree = "<group>"; };
		4E57A5FF2E54380700418962 /* CoreDataStack.swift */ = {isa = PBXFileReference; lastKnownFileType = sourcecode.swift; path = CoreDataStack.swift; sourceTree = "<group>"; };
		4E59602C2B064BE20029BA3D /* SettingsViewController.swift */ = {isa = PBXFileReference; lastKnownFileType = sourcecode.swift; path = SettingsViewController.swift; sourceTree = "<group>"; };
		4E59602E2B064C290029BA3D /* SettingsView.swift */ = {isa = PBXFileReference; lastKnownFileType = sourcecode.swift; path = SettingsView.swift; sourceTree = "<group>"; };
		4E5960302B0652AF0029BA3D /* SettingsTableViewCell.swift */ = {isa = PBXFileReference; lastKnownFileType = sourcecode.swift; path = SettingsTableViewCell.swift; sourceTree = "<group>"; };
		4E69E3EC2EEA87A700A05E94 /* SettingsPlaceholderViewController.swift */ = {isa = PBXFileReference; lastKnownFileType = sourcecode.swift; path = SettingsPlaceholderViewController.swift; sourceTree = "<group>"; };
		4EBF7A202B0C8BAE0068BE57 /* CategoryListTableViewDiffableDataSource.swift */ = {isa = PBXFileReference; lastKnownFileType = sourcecode.swift; path = CategoryListTableViewDiffableDataSource.swift; sourceTree = "<group>"; };
		4EC9B64F2E42EBD40031250B /* MemoSearchingViewController.swift */ = {isa = PBXFileReference; lastKnownFileType = sourcecode.swift; path = MemoSearchingViewController.swift; sourceTree = "<group>"; };
		4EC9B6512E42EBE80031250B /* MemoSearchingView.swift */ = {isa = PBXFileReference; lastKnownFileType = sourcecode.swift; path = MemoSearchingView.swift; sourceTree = "<group>"; };
		4EC9B6A42E42F1ED0031250B /* MemoSearchingCell.swift */ = {isa = PBXFileReference; lastKnownFileType = sourcecode.swift; path = MemoSearchingCell.swift; sourceTree = "<group>"; };
		4EC9B6A62E430FD30031250B /* SearchBar.swift */ = {isa = PBXFileReference; lastKnownFileType = sourcecode.swift; path = SearchBar.swift; sourceTree = "<group>"; };
		4EC9E63A2E4A4FB1007ECD86 /* MainSplitViewController.swift */ = {isa = PBXFileReference; lastKnownFileType = sourcecode.swift; path = MainSplitViewController.swift; sourceTree = "<group>"; };
		4ECD7FBC2E72B444003A3931 /* MemoDetailViewController.swift */ = {isa = PBXFileReference; lastKnownFileType = sourcecode.swift; path = MemoDetailViewController.swift; sourceTree = "<group>"; };
		4ECD82D12E741892003A3931 /* NoteCardCoreData 2.xcdatamodel */ = {isa = PBXFileReference; lastKnownFileType = wrapper.xcdatamodel; path = "NoteCardCoreData 2.xcdatamodel"; sourceTree = "<group>"; };
		4ECDA56E2E162753003D15F5 /* ThirdTabViewController.swift */ = {isa = PBXFileReference; lastKnownFileType = sourcecode.swift; path = ThirdTabViewController.swift; sourceTree = "<group>"; };
		4ED333A52B332FCD00492B0F /* ThemeColorPickingViewController.swift */ = {isa = PBXFileReference; lastKnownFileType = sourcecode.swift; path = ThemeColorPickingViewController.swift; sourceTree = "<group>"; };
		4ED333A72B332FF000492B0F /* ThemeColorPickingView.swift */ = {isa = PBXFileReference; lastKnownFileType = sourcecode.swift; path = ThemeColorPickingView.swift; sourceTree = "<group>"; };
		4ED333A92B3336CB00492B0F /* ThemeColorPickingTableViewCell.swift */ = {isa = PBXFileReference; lastKnownFileType = sourcecode.swift; path = ThemeColorPickingTableViewCell.swift; sourceTree = "<group>"; };
		4ED42A912B3DA5CE00D14571 /* ko */ = {isa = PBXFileReference; lastKnownFileType = text.plist.strings; name = ko; path = ko.lproj/LaunchScreen.strings; sourceTree = "<group>"; };
		4ED42A922B3DA5CE00D14571 /* ko */ = {isa = PBXFileReference; lastKnownFileType = text.plist.strings; name = ko; path = ko.lproj/Localizable.strings; sourceTree = "<group>"; };
		4ED42A962B3DA69300D14571 /* en */ = {isa = PBXFileReference; lastKnownFileType = text.plist.strings; name = en; path = en.lproj/LaunchScreen.strings; sourceTree = "<group>"; };
		4ED42A972B3DA6E000D14571 /* en */ = {isa = PBXFileReference; lastKnownFileType = text.plist.strings; name = en; path = en.lproj/Localizable.strings; sourceTree = "<group>"; };
		4EDD37002E330286002AF29B /* CustomIntensityBlurView.swift */ = {isa = PBXFileReference; lastKnownFileType = sourcecode.swift; path = CustomIntensityBlurView.swift; sourceTree = "<group>"; };
		4EDF43162B2EB3F200AFEEB5 /* CategorySelectionViewController.swift */ = {isa = PBXFileReference; lastKnownFileType = sourcecode.swift; path = CategorySelectionViewController.swift; sourceTree = "<group>"; };
		4EE7396D2EADCA0400DD3912 /* PopupCategoryCell.swift */ = {isa = PBXFileReference; lastKnownFileType = sourcecode.swift; path = PopupCategoryCell.swift; sourceTree = "<group>"; };
		4EE926862B4AB14900DC4674 /* CardImageShowingScrollView.swift */ = {isa = PBXFileReference; lastKnownFileType = sourcecode.swift; path = CardImageShowingScrollView.swift; sourceTree = "<group>"; };
		4EEEB25D2B0864740027AF01 /* MemoDetailViewSelectedImageCell.swift */ = {isa = PBXFileReference; lastKnownFileType = sourcecode.swift; path = MemoDetailViewSelectedImageCell.swift; sourceTree = "<group>"; };
		4EEEB25F2B0865B60027AF01 /* MemoDetailViewCategoryListCell.swift */ = {isa = PBXFileReference; lastKnownFileType = sourcecode.swift; path = MemoDetailViewCategoryListCell.swift; sourceTree = "<group>"; };
		4EF85F882EB3A0C400D6C2CF /* NoteCard copy-Info.plist */ = {isa = PBXFileReference; lastKnownFileType = text.plist.xml; name = "NoteCard copy-Info.plist"; path = "/Users/kimminsung/development/NoteCard/NoteCard copy-Info.plist"; sourceTree = "<absolute>"; };
		4EFA2F3C2B27413700FCDD1B /* LeftAlignedFlowLayout.swift */ = {isa = PBXFileReference; lastKnownFileType = sourcecode.swift; path = LeftAlignedFlowLayout.swift; sourceTree = "<group>"; };
		4EFC02DD2B42927700C778DF /* TextSizeSettingViewController.swift */ = {isa = PBXFileReference; lastKnownFileType = sourcecode.swift; path = TextSizeSettingViewController.swift; sourceTree = "<group>"; };
		4EFC02DF2B42928F00C778DF /* TextSizeSettingView.swift */ = {isa = PBXFileReference; lastKnownFileType = sourcecode.swift; path = TextSizeSettingView.swift; sourceTree = "<group>"; };
/* End PBXFileReference section */

/* Begin PBXFileSystemSynchronizedRootGroup section */
		4E00A0BB2E5E99AD007ABF00 /* Domain */ = {isa = PBXFileSystemSynchronizedRootGroup; explicitFileTypes = {}; explicitFolders = (); path = Domain; sourceTree = "<group>"; };
		4E00A0C72E5EB497007ABF00 /* Application */ = {isa = PBXFileSystemSynchronizedRootGroup; explicitFileTypes = {}; explicitFolders = (); path = Application; sourceTree = "<group>"; };
		4E31381D2E7FBD130033B7AB /* Model */ = {isa = PBXFileSystemSynchronizedRootGroup; explicitFileTypes = {}; explicitFolders = (); path = Model; sourceTree = "<group>"; };
		4E5F341D2E717C2200C05FE4 /* Errors */ = {isa = PBXFileSystemSynchronizedRootGroup; explicitFileTypes = {}; explicitFolders = (); path = Errors; sourceTree = "<group>"; };
		4EA7B44E2E74882C00A49433 /* Model */ = {isa = PBXFileSystemSynchronizedRootGroup; explicitFileTypes = {}; explicitFolders = (); path = Model; sourceTree = "<group>"; };
		4EC9B5162E4248B80031250B /* Global */ = {isa = PBXFileSystemSynchronizedRootGroup; explicitFileTypes = {}; explicitFolders = (); path = Global; sourceTree = "<group>"; };
		4ECD80EF2E73BA2E003A3931 /* UIModel */ = {isa = PBXFileSystemSynchronizedRootGroup; explicitFileTypes = {}; explicitFolders = (); path = UIModel; sourceTree = "<group>"; };
/* End PBXFileSystemSynchronizedRootGroup section */

/* Begin PBXFrameworksBuildPhase section */
		4E13849E2AF37B350063817B /* Frameworks */ = {
			isa = PBXFrameworksBuildPhase;
			buildActionMask = 2147483647;
			files = (
				4EAF4F2C2E38580500A1AA36 /* Wisp in Frameworks */,
			);
			runOnlyForDeploymentPostprocessing = 0;
		};
/* End PBXFrameworksBuildPhase section */

/* Begin PBXGroup section */
		4E0BDF482B3D389D00813DCA /* OrderSettingView */ = {
			isa = PBXGroup;
			children = (
				4E0BDF4B2B3D38C000813DCA /* OrderSettingViewController.swift */,
				4E0BDF4A2B3D38C000813DCA /* OrderSettingView.swift */,
				4E0BDF492B3D38C000813DCA /* OrderSettingTableViewCell.swift */,
			);
			path = OrderSettingView;
			sourceTree = "<group>";
		};
		4E1384982AF37B350063817B = {
			isa = PBXGroup;
			children = (
				4E1384A32AF37B350063817B /* NoteCard */,
				4EF85F882EB3A0C400D6C2CF /* NoteCard copy-Info.plist */,
				4EF85FBF2EB3A26000D6C2CF /* Frameworks */,
				4E1384A22AF37B350063817B /* Products */,
			);
			sourceTree = "<group>";
		};
		4E1384A22AF37B350063817B /* Products */ = {
			isa = PBXGroup;
			children = (
				4E1384A12AF37B350063817B /* NoteCard.app */,
			);
			name = Products;
			sourceTree = "<group>";
		};
		4E1384A32AF37B350063817B /* NoteCard */ = {
			isa = PBXGroup;
			children = (
				4E5F341D2E717C2200C05FE4 /* Errors */,
				4E00A0C72E5EB497007ABF00 /* Application */,
				4E00A0BB2E5E99AD007ABF00 /* Domain */,
				4EC9B5162E4248B80031250B /* Global */,
				4EDD36FF2E33027A002AF29B /* CustomDesign */,
				4E57A5F72E5436F400418962 /* Presentation */,
				4ED42A842B3D6EDA00D14571 /* Localizable.strings */,
				4E1384BB2AF37DE10063817B /* CoreData */,
				4E1384BC2AF37E070063817B /* Models */,
				4E1384A82AF37B350063817B /* ViewController.swift */,
				4E1384B02AF37B370063817B /* Assets.xcassets */,
				4E1384B22AF37B370063817B /* LaunchScreen.storyboard */,
				4E1384B52AF37B370063817B /* Info.plist */,
			);
			path = NoteCard;
			sourceTree = "<group>";
		};
		4E1384BB2AF37DE10063817B /* CoreData */ = {
			isa = PBXGroup;
			children = (
				4E57A5F32E541CFB00418962 /* Models */,
				4E10F8422B654162007B468A /* NoteCardCoreData.xcdatamodeld */,
				4E1384DE2AF382F70063817B /* ImageEntityManager.swift */,
				4E1384E02AF3833E0063817B /* MemoEntityManager.swift */,
				4E1384E22AF3839F0063817B /* CategoryEntityManager.swift */,
				4E57A5FF2E54380700418962 /* CoreDataStack.swift */,
			);
			path = CoreData;
			sourceTree = "<group>";
		};
		4E1384BC2AF37E070063817B /* Models */ = {
			isa = PBXGroup;
			children = (
				4E1384E42AF383D70063817B /* DataManager.swift */,
				4E1384E82AF3840A0063817B /* DateManager.swift */,
			);
			path = Models;
			sourceTree = "<group>";
		};
		4E1384BD2AF37E0D0063817B /* HomeView */ = {
			isa = PBXGroup;
			children = (
				4E31381D2E7FBD130033B7AB /* Model */,
				4E1384EA2AF3843A0063817B /* HomeViewController.swift */,
				4E1384EC2AF3846C0063817B /* HomeView.swift */,
				4E1384EE2AF384880063817B /* HomeHeaderView.swift */,
				4E2712072DA1A5D30007D53A /* HomeHeaderButton.swift */,
				4E1384F02AF384A70063817B /* HomeCategoryCell.swift */,
				4E1384F22AF384C80063817B /* HomeCardCell.swift */,
				4E1384C32AF37E750063817B /* CategoryListTableView */,
			);
			path = HomeView;
			sourceTree = "<group>";
		};
		4E1384C02AF37E430063817B /* MemoView */ = {
			isa = PBXGroup;
			children = (
				4E13850E2AF386750063817B /* MemoViewController.swift */,
				4E1385102AF386920063817B /* MemoView.swift */,
				4E462D682E2A1AF5004C0215 /* SmallCardCollectionView.swift */,
				4E1385182AF387100063817B /* SmallCardCollectionViewCell.swift */,
				4E1385142AF386D10063817B /* MemoImageCollectionViewCell.swift */,
				4EDF43152B2EB31200AFEEB5 /* CategorySelectionView */,
			);
			path = MemoView;
			sourceTree = "<group>";
		};
		4E1384C22AF37E680063817B /* CreateCategoryView */ = {
			isa = PBXGroup;
			children = (
				4E1385042AF385F20063817B /* CreateCategoryViewController.swift */,
				4E1385062AF3860B0063817B /* CreateCategoryView.swift */,
				4E1385082AF386260063817B /* InsetTextField.swift */,
			);
			path = CreateCategoryView;
			sourceTree = "<group>";
		};
		4E1384C32AF37E750063817B /* CategoryListTableView */ = {
			isa = PBXGroup;
			children = (
				4E1385002AF3859D0063817B /* CategoryListViewController.swift */,
				4E3F63552B0B7BFF004DD676 /* CategoryListView.swift */,
				4E1385022AF385B00063817B /* CategoryListTableViewCell.swift */,
				4EBF7A202B0C8BAE0068BE57 /* CategoryListTableViewDiffableDataSource.swift */,
				4E1384C22AF37E680063817B /* CreateCategoryView */,
			);
			path = CategoryListTableView;
			sourceTree = "<group>";
		};
		4E1384C42AF37E800063817B /* PopupCardView */ = {
			isa = PBXGroup;
			children = (
				4E1384F62AF385090063817B /* PopupCardViewController.swift */,
				4E1384F82AF3851B0063817B /* PopupCardView.swift */,
				4EE7396D2EADCA0400DD3912 /* PopupCategoryCell.swift */,
			);
			path = PopupCardView;
			sourceTree = "<group>";
		};
		4E13851A2AF387220063817B /* CardImageShowingView */ = {
			isa = PBXGroup;
			children = (
				4E13851B2AF387480063817B /* CardImageShowingViewController.swift */,
				4E13851D2AF3875D0063817B /* CardImageShowingView.swift */,
				4E13851F2AF387890063817B /* CardImageShowingCollectionViewCell.swift */,
				4EE926862B4AB14900DC4674 /* CardImageShowingScrollView.swift */,
			);
			path = CardImageShowingView;
			sourceTree = "<group>";
		};
		4E3E756B2B677EAF0073A951 /* DarkModeSettingView */ = {
			isa = PBXGroup;
			children = (
				4E3E75712B677EFB0073A951 /* DarkModeSettingViewController.swift */,
				4E3E75722B677EFB0073A951 /* DarkModeSettingView.swift */,
				4E3E75732B677EFB0073A951 /* DarkModeSettingTableViewCell.swift */,
			);
			path = DarkModeSettingView;
			sourceTree = "<group>";
		};
		4E4FCCB82B3C3335000CBE17 /* DateFormatSettingView */ = {
			isa = PBXGroup;
			children = (
				4E4FCCB92B3C33E7000CBE17 /* DateFormatSettingViewController.swift */,
				4E4FCCBB2B3C33FD000CBE17 /* DateFormatSettingView.swift */,
				4E4FCCBD2B3C3644000CBE17 /* DateFormatSettingTableViewCell.swift */,
			);
			path = DateFormatSettingView;
			sourceTree = "<group>";
		};
		4E4FCCBF2B3C46FE000CBE17 /* TimeFormatSettingView */ = {
			isa = PBXGroup;
			children = (
				4E4FCCC02B3C571F000CBE17 /* TimeFormatSettingViewController.swift */,
				4E4FCCC22B3C5810000CBE17 /* TimeFormatSettingView.swift */,
				4E4FCCC12B3C5810000CBE17 /* TimeFormatSettingTableViewCell.swift */,
			);
			path = TimeFormatSettingView;
			sourceTree = "<group>";
		};
		4E57A5F32E541CFB00418962 /* Models */ = {
			isa = PBXGroup;
			children = (
				4E1384D42AF382A40063817B /* ImageEntity+CoreDataClass.swift */,
				4E1384D52AF382A40063817B /* ImageEntity+CoreDataProperties.swift */,
				4E00A0D22E5F6250007ABF00 /* ImageEntity+Mapping.swift */,
				4E1384D62AF382A40063817B /* MemoEntity+CoreDataClass.swift */,
				4E1384D72AF382A40063817B /* MemoEntity+CoreDataProperties.swift */,
				4E00A0CE2E5F4711007ABF00 /* MemoEntity+Mapping.swift */,
				4E1384D22AF382A40063817B /* CategoryEntity+CoreDataClass.swift */,
				4E1384D32AF382A40063817B /* CategoryEntity+CoreDataProperties.swift */,
				4E00A0D02E5F4758007ABF00 /* CategoryEntity+Mapping.swift */,
			);
			path = Models;
			sourceTree = "<group>";
		};
		4E57A5F72E5436F400418962 /* Presentation */ = {
			isa = PBXGroup;
			children = (
				4ECD80EF2E73BA2E003A3931 /* UIModel */,
				4ECDA56B2E16262C003D15F5 /* TabBar */,
				4E1384BD2AF37E0D0063817B /* HomeView */,
				4E1384C42AF37E800063817B /* PopupCardView */,
				4E1384C02AF37E430063817B /* MemoView */,
				4E13851A2AF387220063817B /* CardImageShowingView */,
				4EC9B64E2E42EB9C0031250B /* MemoSearching */,
				4EEEB2612B0870140027AF01 /* MemoDetailView */,
				4E59602B2B064BA20029BA3D /* SettingsView */,
			);
			path = Presentation;
			sourceTree = "<group>";
		};
		4E59602B2B064BA20029BA3D /* SettingsView */ = {
			isa = PBXGroup;
			children = (
				4E59602C2B064BE20029BA3D /* SettingsViewController.swift */,
				4E59602E2B064C290029BA3D /* SettingsView.swift */,
				4E5960302B0652AF0029BA3D /* SettingsTableViewCell.swift */,
				4E69E3EC2EEA87A700A05E94 /* SettingsPlaceholderViewController.swift */,
				4ED333A42B332F7100492B0F /* ThemeColorPickingView */,
				4E4FCCB82B3C3335000CBE17 /* DateFormatSettingView */,
				4E4FCCBF2B3C46FE000CBE17 /* TimeFormatSettingView */,
				4E0BDF482B3D389D00813DCA /* OrderSettingView */,
				4E3E756B2B677EAF0073A951 /* DarkModeSettingView */,
				4EFC02DC2B42924900C778DF /* TextSizeSettingView */,
			);
			path = SettingsView;
			sourceTree = "<group>";
		};
		4EC9B64E2E42EB9C0031250B /* MemoSearching */ = {
			isa = PBXGroup;
			children = (
				4EC9B64F2E42EBD40031250B /* MemoSearchingViewController.swift */,
				4EC9B6512E42EBE80031250B /* MemoSearchingView.swift */,
				4EC9B6A42E42F1ED0031250B /* MemoSearchingCell.swift */,
				4EC9B6A62E430FD30031250B /* SearchBar.swift */,
			);
			path = MemoSearching;
			sourceTree = "<group>";
		};
		4ECDA56B2E16262C003D15F5 /* TabBar */ = {
			isa = PBXGroup;
			children = (
				4E3E757B2B6889260073A951 /* MainTabBarController.swift */,
				4ECDA56E2E162753003D15F5 /* ThirdTabViewController.swift */,
				4EC9E63A2E4A4FB1007ECD86 /* MainSplitViewController.swift */,
			);
			path = TabBar;
			sourceTree = "<group>";
		};
		4ED333A42B332F7100492B0F /* ThemeColorPickingView */ = {
			isa = PBXGroup;
			children = (
				4ED333A52B332FCD00492B0F /* ThemeColorPickingViewController.swift */,
				4ED333A72B332FF000492B0F /* ThemeColorPickingView.swift */,
				4ED333A92B3336CB00492B0F /* ThemeColorPickingTableViewCell.swift */,
			);
			path = ThemeColorPickingView;
			sourceTree = "<group>";
		};
		4EDD36FF2E33027A002AF29B /* CustomDesign */ = {
			isa = PBXGroup;
			children = (
				4EDD37002E330286002AF29B /* CustomIntensityBlurView.swift */,
			);
			path = CustomDesign;
			sourceTree = "<group>";
		};
		4EDF43152B2EB31200AFEEB5 /* CategorySelectionView */ = {
			isa = PBXGroup;
			children = (
				4EDF43162B2EB3F200AFEEB5 /* CategorySelectionViewController.swift */,
			);
			path = CategorySelectionView;
			sourceTree = "<group>";
		};
		4EEEB2612B0870140027AF01 /* MemoDetailView */ = {
			isa = PBXGroup;
			children = (
				4EA7B44E2E74882C00A49433 /* Model */,
				4ECD7FBC2E72B444003A3931 /* MemoDetailViewController.swift */,
				4E1385292AF389930063817B /* MemoDetailView.swift */,
				4E0126A72B4D5400007110CC /* MemoDetailViewSelectedImageCollectionView.swift */,
				4EEEB25D2B0864740027AF01 /* MemoDetailViewSelectedImageCell.swift */,
				4EFA2F3C2B27413700FCDD1B /* LeftAlignedFlowLayout.swift */,
				4EEEB25F2B0865B60027AF01 /* MemoDetailViewCategoryListCell.swift */,
				4E13854B2AF38BE40063817B /* DetailViewSelectedImageViewController.swift */,
				4E13854D2AF38BFD0063817B /* DetailViewSelectedImageView.swift */,
			);
			path = MemoDetailView;
			sourceTree = "<group>";
		};
		4EF85FBF2EB3A26000D6C2CF /* Frameworks */ = {
			isa = PBXGroup;
			children = (
			);
			name = Frameworks;
			sourceTree = "<group>";
		};
		4EFC02DC2B42924900C778DF /* TextSizeSettingView */ = {
			isa = PBXGroup;
			children = (
				4EFC02DD2B42927700C778DF /* TextSizeSettingViewController.swift */,
				4EFC02DF2B42928F00C778DF /* TextSizeSettingView.swift */,
			);
			path = TextSizeSettingView;
			sourceTree = "<group>";
		};
/* End PBXGroup section */

/* Begin PBXNativeTarget section */
		4E1384A02AF37B350063817B /* NoteCard */ = {
			isa = PBXNativeTarget;
			buildConfigurationList = 4E1384B82AF37B370063817B /* Build configuration list for PBXNativeTarget "NoteCard" */;
			buildPhases = (
				4E13849D2AF37B350063817B /* Sources */,
				4E13849E2AF37B350063817B /* Frameworks */,
				4E13849F2AF37B350063817B /* Resources */,
			);
			buildRules = (
			);
			dependencies = (
			);
			fileSystemSynchronizedGroups = (
				4E00A0BB2E5E99AD007ABF00 /* Domain */,
				4E00A0C72E5EB497007ABF00 /* Application */,
				4E31381D2E7FBD130033B7AB /* Model */,
				4E5F341D2E717C2200C05FE4 /* Errors */,
				4EA7B44E2E74882C00A49433 /* Model */,
				4EC9B5162E4248B80031250B /* Global */,
				4ECD80EF2E73BA2E003A3931 /* UIModel */,
			);
			name = NoteCard;
			productName = CardMemo;
			productReference = 4E1384A12AF37B350063817B /* NoteCard.app */;
			productType = "com.apple.product-type.application";
		};
/* End PBXNativeTarget section */

/* Begin PBXProject section */
		4E1384992AF37B350063817B /* Project object */ = {
			isa = PBXProject;
			attributes = {
				BuildIndependentTargetsInParallel = 1;
				LastSwiftUpdateCheck = 1500;
				LastUpgradeCheck = 1500;
				TargetAttributes = {
					4E1384A02AF37B350063817B = {
						CreatedOnToolsVersion = 15.0.1;
					};
				};
			};
			buildConfigurationList = 4E13849C2AF37B350063817B /* Build configuration list for PBXProject "NoteCard" */;
			compatibilityVersion = "Xcode 14.0";
			developmentRegion = en;
			hasScannedForEncodings = 0;
			knownRegions = (
				en,
				Base,
				ko,
			);
			mainGroup = 4E1384982AF37B350063817B;
			packageReferences = (
				4EAF4F2A2E38580500A1AA36 /* XCLocalSwiftPackageReference "../Library/Wisp" */,
			);
			productRefGroup = 4E1384A22AF37B350063817B /* Products */;
			projectDirPath = "";
			projectRoot = "";
			targets = (
				4E1384A02AF37B350063817B /* NoteCard */,
			);
		};
/* End PBXProject section */

/* Begin PBXResourcesBuildPhase section */
		4E13849F2AF37B350063817B /* Resources */ = {
			isa = PBXResourcesBuildPhase;
			buildActionMask = 2147483647;
			files = (
				4E1384B42AF37B370063817B /* LaunchScreen.storyboard in Resources */,
				4ED42A822B3D6EDA00D14571 /* Localizable.strings in Resources */,
				4E1384B12AF37B370063817B /* Assets.xcassets in Resources */,
			);
			runOnlyForDeploymentPostprocessing = 0;
		};
/* End PBXResourcesBuildPhase section */

/* Begin PBXSourcesBuildPhase section */
		4E13849D2AF37B350063817B /* Sources */ = {
			isa = PBXSourcesBuildPhase;
			buildActionMask = 2147483647;
			files = (
				4E1384E12AF3833E0063817B /* MemoEntityManager.swift in Sources */,
				4E0126A82B4D5400007110CC /* MemoDetailViewSelectedImageCollectionView.swift in Sources */,
				4E5960312B0652AF0029BA3D /* SettingsTableViewCell.swift in Sources */,
				4ED063B92E49A532005AD817 /* MemoImageCollectionViewCell.swift in Sources */,
				4E00A0D12E5F4758007ABF00 /* CategoryEntity+Mapping.swift in Sources */,
				4EDF43172B2EB3F200AFEEB5 /* CategorySelectionViewController.swift in Sources */,
				4E1384F32AF384C80063817B /* HomeCardCell.swift in Sources */,
				4EFA2F3D2B27413700FCDD1B /* LeftAlignedFlowLayout.swift in Sources */,
				4ED333A62B332FCD00492B0F /* ThemeColorPickingViewController.swift in Sources */,
				4E4FCCC32B3C5871000CBE17 /* TimeFormatSettingViewController.swift in Sources */,
				4E1384EB2AF3843A0063817B /* HomeViewController.swift in Sources */,
				4E1385072AF3860B0063817B /* CreateCategoryView.swift in Sources */,
				4EC9E63B2E4A4FB1007ECD86 /* MainSplitViewController.swift in Sources */,
				4E1384E52AF383D70063817B /* DataManager.swift in Sources */,
				4E4FCCBE2B3C3644000CBE17 /* DateFormatSettingTableViewCell.swift in Sources */,
				4E13850F2AF386750063817B /* MemoViewController.swift in Sources */,
				4E1385112AF386920063817B /* MemoView.swift in Sources */,
				4E4FCCC52B3C5875000CBE17 /* TimeFormatSettingTableViewCell.swift in Sources */,
				4EFC02DE2B42927700C778DF /* TextSizeSettingViewController.swift in Sources */,
				4E1385032AF385B00063817B /* CategoryListTableViewCell.swift in Sources */,
				4E1384F12AF384A70063817B /* HomeCategoryCell.swift in Sources */,
				4E3E757C2B6889260073A951 /* MainTabBarController.swift in Sources */,
				4E10F8442B654162007B468A /* NoteCardCoreData.xcdatamodeld in Sources */,
				4E0BDF4D2B3D38C800813DCA /* OrderSettingTableViewCell.swift in Sources */,
				4EBF7A212B0C8BAE0068BE57 /* CategoryListTableViewDiffableDataSource.swift in Sources */,
				4E4FCCBC2B3C33FD000CBE17 /* DateFormatSettingView.swift in Sources */,
				4E4FCCC42B3C5873000CBE17 /* TimeFormatSettingView.swift in Sources */,
				4E0BDF4E2B3D38C800813DCA /* OrderSettingView.swift in Sources */,
				4E1384F92AF3851B0063817B /* PopupCardView.swift in Sources */,
				4E59602D2B064BE20029BA3D /* SettingsViewController.swift in Sources */,
				4EFC02E02B42928F00C778DF /* TextSizeSettingView.swift in Sources */,
				4E00A0CF2E5F4711007ABF00 /* MemoEntity+Mapping.swift in Sources */,
				4E1385052AF385F20063817B /* CreateCategoryViewController.swift in Sources */,
				4E57A7F62E555D5500418962 /* CategoryEntity+CoreDataClass.swift in Sources */,
				4E57A7F72E555D5500418962 /* ImageEntity+CoreDataProperties.swift in Sources */,
				4E57A7F82E555D5500418962 /* MemoEntity+CoreDataProperties.swift in Sources */,
				4E57A7F92E555D5500418962 /* ImageEntity+CoreDataClass.swift in Sources */,
				4E57A7FA2E555D5500418962 /* MemoEntity+CoreDataClass.swift in Sources */,
				4E57A7FB2E555D5500418962 /* CategoryEntity+CoreDataProperties.swift in Sources */,
				4ED333A82B332FF000492B0F /* ThemeColorPickingView.swift in Sources */,
				4ECDA56F2E162753003D15F5 /* ThirdTabViewController.swift in Sources */,
				4E3E75742B678EB80073A951 /* DarkModeSettingViewController.swift in Sources */,
				4E1384E92AF3840A0063817B /* DateManager.swift in Sources */,
				4EC9B6A72E430FD30031250B /* SearchBar.swift in Sources */,
				4ECD7FBD2E72B444003A3931 /* MemoDetailViewController.swift in Sources */,
				4EC9B6502E42EBD40031250B /* MemoSearchingViewController.swift in Sources */,
				4E1385012AF3859D0063817B /* CategoryListViewController.swift in Sources */,
				4EEEB25E2B0864740027AF01 /* MemoDetailViewSelectedImageCell.swift in Sources */,
				4E1384E32AF3839F0063817B /* CategoryEntityManager.swift in Sources */,
				4E1384ED2AF3846C0063817B /* HomeView.swift in Sources */,
				4E69E3ED2EEA87A700A05E94 /* SettingsPlaceholderViewController.swift in Sources */,
				4E1385192AF387100063817B /* SmallCardCollectionViewCell.swift in Sources */,
				4EE926872B4AB14900DC4674 /* CardImageShowingScrollView.swift in Sources */,
				4E13854E2AF38BFD0063817B /* DetailViewSelectedImageView.swift in Sources */,
				4EE7396E2EADCA0400DD3912 /* PopupCategoryCell.swift in Sources */,
				4E57A6002E54380700418962 /* CoreDataStack.swift in Sources */,
				4E3E75762B678EBD0073A951 /* DarkModeSettingTableViewCell.swift in Sources */,
				4EDD37012E330286002AF29B /* CustomIntensityBlurView.swift in Sources */,
				4E2712082DA1A5D30007D53A /* HomeHeaderButton.swift in Sources */,
				4E1384A92AF37B350063817B /* ViewController.swift in Sources */,
				4E1384EF2AF384880063817B /* HomeHeaderView.swift in Sources */,
				4E4FCCBA2B3C33E7000CBE17 /* DateFormatSettingViewController.swift in Sources */,
				4E1385202AF387890063817B /* CardImageShowingCollectionViewCell.swift in Sources */,
				4E3F63562B0B7BFF004DD676 /* CategoryListView.swift in Sources */,
				4E1384F72AF385090063817B /* PopupCardViewController.swift in Sources */,
				4EC9B6A52E42F1ED0031250B /* MemoSearchingCell.swift in Sources */,
				4E13851C2AF387480063817B /* CardImageShowingViewController.swift in Sources */,
				4E13851E2AF3875D0063817B /* CardImageShowingView.swift in Sources */,
				4E3E75752B678EBA0073A951 /* DarkModeSettingView.swift in Sources */,
				4E1385092AF386260063817B /* InsetTextField.swift in Sources */,
				4E1384DF2AF382F70063817B /* ImageEntityManager.swift in Sources */,
				4E59602F2B064C290029BA3D /* SettingsView.swift in Sources */,
				4E00A0D32E5F6250007ABF00 /* ImageEntity+Mapping.swift in Sources */,
				4ED333AA2B3336CB00492B0F /* ThemeColorPickingTableViewCell.swift in Sources */,
				4E462D692E2A1AF5004C0215 /* SmallCardCollectionView.swift in Sources */,
				4EEEB2602B0865B60027AF01 /* MemoDetailViewCategoryListCell.swift in Sources */,
				4EC9B6522E42EBE80031250B /* MemoSearchingView.swift in Sources */,
				4E0BDF4C2B3D38C400813DCA /* OrderSettingViewController.swift in Sources */,
				4E13854C2AF38BE40063817B /* DetailViewSelectedImageViewController.swift in Sources */,
				4E13852A2AF389930063817B /* MemoDetailView.swift in Sources */,
			);
			runOnlyForDeploymentPostprocessing = 0;
		};
/* End PBXSourcesBuildPhase section */

/* Begin PBXVariantGroup section */
		4E1384B22AF37B370063817B /* LaunchScreen.storyboard */ = {
			isa = PBXVariantGroup;
			children = (
				4E1384B32AF37B370063817B /* Base */,
				4ED42A912B3DA5CE00D14571 /* ko */,
				4ED42A962B3DA69300D14571 /* en */,
			);
			name = LaunchScreen.storyboard;
			sourceTree = "<group>";
		};
		4ED42A842B3D6EDA00D14571 /* Localizable.strings */ = {
			isa = PBXVariantGroup;
			children = (
				4ED42A922B3DA5CE00D14571 /* ko */,
				4ED42A972B3DA6E000D14571 /* en */,
			);
			name = Localizable.strings;
			sourceTree = "<group>";
		};
/* End PBXVariantGroup section */

/* Begin XCBuildConfiguration section */
		4E1384B62AF37B370063817B /* Debug */ = {
			isa = XCBuildConfiguration;
			buildSettings = {
				ALWAYS_SEARCH_USER_PATHS = NO;
				APP_DISPLAY_NAME = NoteCard;
				ASSETCATALOG_COMPILER_GENERATE_SWIFT_ASSET_SYMBOL_EXTENSIONS = YES;
				CLANG_ANALYZER_LOCALIZABILITY_NONLOCALIZED = YES;
				CLANG_ANALYZER_NONNULL = YES;
				CLANG_ANALYZER_NUMBER_OBJECT_CONVERSION = YES_AGGRESSIVE;
				CLANG_CXX_LANGUAGE_STANDARD = "gnu++20";
				CLANG_ENABLE_MODULES = YES;
				CLANG_ENABLE_OBJC_ARC = YES;
				CLANG_ENABLE_OBJC_WEAK = YES;
				CLANG_WARN_BLOCK_CAPTURE_AUTORELEASING = YES;
				CLANG_WARN_BOOL_CONVERSION = YES;
				CLANG_WARN_COMMA = YES;
				CLANG_WARN_CONSTANT_CONVERSION = YES;
				CLANG_WARN_DEPRECATED_OBJC_IMPLEMENTATIONS = YES;
				CLANG_WARN_DIRECT_OBJC_ISA_USAGE = YES_ERROR;
				CLANG_WARN_DOCUMENTATION_COMMENTS = YES;
				CLANG_WARN_EMPTY_BODY = YES;
				CLANG_WARN_ENUM_CONVERSION = YES;
				CLANG_WARN_INFINITE_RECURSION = YES;
				CLANG_WARN_INT_CONVERSION = YES;
				CLANG_WARN_NON_LITERAL_NULL_CONVERSION = YES;
				CLANG_WARN_OBJC_IMPLICIT_RETAIN_SELF = YES;
				CLANG_WARN_OBJC_LITERAL_CONVERSION = YES;
				CLANG_WARN_OBJC_ROOT_CLASS = YES_ERROR;
				CLANG_WARN_QUOTED_INCLUDE_IN_FRAMEWORK_HEADER = YES;
				CLANG_WARN_RANGE_LOOP_ANALYSIS = YES;
				CLANG_WARN_STRICT_PROTOTYPES = YES;
				CLANG_WARN_SUSPICIOUS_MOVE = YES;
				CLANG_WARN_UNGUARDED_AVAILABILITY = YES_AGGRESSIVE;
				CLANG_WARN_UNREACHABLE_CODE = YES;
				CLANG_WARN__DUPLICATE_METHOD_MATCH = YES;
				COPY_PHASE_STRIP = NO;
				DEBUG_INFORMATION_FORMAT = dwarf;
				ENABLE_STRICT_OBJC_MSGSEND = YES;
				ENABLE_TESTABILITY = YES;
				ENABLE_USER_SCRIPT_SANDBOXING = YES;
				GCC_C_LANGUAGE_STANDARD = gnu17;
				GCC_DYNAMIC_NO_PIC = NO;
				GCC_NO_COMMON_BLOCKS = YES;
				GCC_OPTIMIZATION_LEVEL = 0;
				GCC_PREPROCESSOR_DEFINITIONS = (
					"DEBUG=1",
					"$(inherited)",
				);
				GCC_WARN_64_TO_32_BIT_CONVERSION = YES;
				GCC_WARN_ABOUT_RETURN_TYPE = YES_ERROR;
				GCC_WARN_UNDECLARED_SELECTOR = YES;
				GCC_WARN_UNINITIALIZED_AUTOS = YES_AGGRESSIVE;
				GCC_WARN_UNUSED_FUNCTION = YES;
				GCC_WARN_UNUSED_VARIABLE = YES;
				IPHONEOS_DEPLOYMENT_TARGET = 17.0;
				LOCALIZATION_PREFERS_STRING_CATALOGS = YES;
				MTL_ENABLE_DEBUG_INFO = INCLUDE_SOURCE;
				MTL_FAST_MATH = YES;
				ONLY_ACTIVE_ARCH = YES;
				SDKROOT = iphoneos;
				SWIFT_ACTIVE_COMPILATION_CONDITIONS = "DEBUG $(inherited)";
				SWIFT_OPTIMIZATION_LEVEL = "-Onone";
				SWIFT_VERSION = 5.0;
			};
			name = Debug;
		};
		4E1384B72AF37B370063817B /* Release */ = {
			isa = XCBuildConfiguration;
			buildSettings = {
				ALWAYS_SEARCH_USER_PATHS = NO;
				APP_DISPLAY_NAME = NoteCard;
				ASSETCATALOG_COMPILER_GENERATE_SWIFT_ASSET_SYMBOL_EXTENSIONS = YES;
				CLANG_ANALYZER_LOCALIZABILITY_NONLOCALIZED = YES;
				CLANG_ANALYZER_NONNULL = YES;
				CLANG_ANALYZER_NUMBER_OBJECT_CONVERSION = YES_AGGRESSIVE;
				CLANG_CXX_LANGUAGE_STANDARD = "gnu++20";
				CLANG_ENABLE_MODULES = YES;
				CLANG_ENABLE_OBJC_ARC = YES;
				CLANG_ENABLE_OBJC_WEAK = YES;
				CLANG_WARN_BLOCK_CAPTURE_AUTORELEASING = YES;
				CLANG_WARN_BOOL_CONVERSION = YES;
				CLANG_WARN_COMMA = YES;
				CLANG_WARN_CONSTANT_CONVERSION = YES;
				CLANG_WARN_DEPRECATED_OBJC_IMPLEMENTATIONS = YES;
				CLANG_WARN_DIRECT_OBJC_ISA_USAGE = YES_ERROR;
				CLANG_WARN_DOCUMENTATION_COMMENTS = YES;
				CLANG_WARN_EMPTY_BODY = YES;
				CLANG_WARN_ENUM_CONVERSION = YES;
				CLANG_WARN_INFINITE_RECURSION = YES;
				CLANG_WARN_INT_CONVERSION = YES;
				CLANG_WARN_NON_LITERAL_NULL_CONVERSION = YES;
				CLANG_WARN_OBJC_IMPLICIT_RETAIN_SELF = YES;
				CLANG_WARN_OBJC_LITERAL_CONVERSION = YES;
				CLANG_WARN_OBJC_ROOT_CLASS = YES_ERROR;
				CLANG_WARN_QUOTED_INCLUDE_IN_FRAMEWORK_HEADER = YES;
				CLANG_WARN_RANGE_LOOP_ANALYSIS = YES;
				CLANG_WARN_STRICT_PROTOTYPES = YES;
				CLANG_WARN_SUSPICIOUS_MOVE = YES;
				CLANG_WARN_UNGUARDED_AVAILABILITY = YES_AGGRESSIVE;
				CLANG_WARN_UNREACHABLE_CODE = YES;
				CLANG_WARN__DUPLICATE_METHOD_MATCH = YES;
				COPY_PHASE_STRIP = NO;
				DEBUG_INFORMATION_FORMAT = "dwarf-with-dsym";
				ENABLE_NS_ASSERTIONS = NO;
				ENABLE_STRICT_OBJC_MSGSEND = YES;
				ENABLE_USER_SCRIPT_SANDBOXING = YES;
				GCC_C_LANGUAGE_STANDARD = gnu17;
				GCC_NO_COMMON_BLOCKS = YES;
				GCC_WARN_64_TO_32_BIT_CONVERSION = YES;
				GCC_WARN_ABOUT_RETURN_TYPE = YES_ERROR;
				GCC_WARN_UNDECLARED_SELECTOR = YES;
				GCC_WARN_UNINITIALIZED_AUTOS = YES_AGGRESSIVE;
				GCC_WARN_UNUSED_FUNCTION = YES;
				GCC_WARN_UNUSED_VARIABLE = YES;
				IPHONEOS_DEPLOYMENT_TARGET = 17.0;
				LOCALIZATION_PREFERS_STRING_CATALOGS = YES;
				MTL_ENABLE_DEBUG_INFO = NO;
				MTL_FAST_MATH = YES;
				SDKROOT = iphoneos;
				SWIFT_COMPILATION_MODE = wholemodule;
				SWIFT_VERSION = 5.0;
				VALIDATE_PRODUCT = YES;
			};
			name = Release;
		};
		4E1384B92AF37B370063817B /* Debug */ = {
			isa = XCBuildConfiguration;
			buildSettings = {
				APP_DISPLAY_NAME = "NoteCard(Dev)";
				ASSETCATALOG_COMPILER_APPICON_NAME = AppIcon;
				ASSETCATALOG_COMPILER_GLOBAL_ACCENT_COLOR_NAME = AccentColor;
				CODE_SIGN_IDENTITY = "Apple Development";
				CODE_SIGN_STYLE = Automatic;
				CURRENT_PROJECT_VERSION = 1;
				DEVELOPMENT_TEAM = 548W892M42;
				GENERATE_INFOPLIST_FILE = YES;
				INFOPLIST_FILE = NoteCard/Info.plist;
				INFOPLIST_KEY_CFBundleDisplayName = "$(APP_DISPLAY_NAME)";
				INFOPLIST_KEY_ITSAppUsesNonExemptEncryption = NO;
				INFOPLIST_KEY_LSApplicationCategoryType = "public.app-category.productivity";
				INFOPLIST_KEY_LSSupportsOpeningDocumentsInPlace = NO;
				INFOPLIST_KEY_NSPhotoLibraryAddUsageDescription = "포토 라이브러리 쓰기 권한 요청";
				INFOPLIST_KEY_NSPhotoLibraryUsageDescription = "포토 라이브러리 읽기 권한 요청";
				INFOPLIST_KEY_UIApplicationSupportsIndirectInputEvents = YES;
				INFOPLIST_KEY_UILaunchStoryboardName = LaunchScreen;
				INFOPLIST_KEY_UISupportedInterfaceOrientations = UIInterfaceOrientationPortrait;
				INFOPLIST_KEY_UISupportedInterfaceOrientations_iPad = "UIInterfaceOrientationLandscapeLeft UIInterfaceOrientationLandscapeRight UIInterfaceOrientationPortrait UIInterfaceOrientationPortraitUpsideDown";
				INFOPLIST_KEY_UISupportsDocumentBrowser = NO;
				IPHONEOS_DEPLOYMENT_TARGET = 15.0;
				LD_RUNPATH_SEARCH_PATHS = (
					"$(inherited)",
					"@executable_path/Frameworks",
				);
				MARKETING_VERSION = 2.1.1;
				PRODUCT_BUNDLE_IDENTIFIER = com.minsung.NoteCard;
				PRODUCT_NAME = "$(TARGET_NAME)";
				PROVISIONING_PROFILE_SPECIFIER = "";
				SUPPORTED_PLATFORMS = "iphoneos iphonesimulator";
				SUPPORTS_MACCATALYST = NO;
				SUPPORTS_MAC_DESIGNED_FOR_IPHONE_IPAD = NO;
				SWIFT_EMIT_LOC_STRINGS = YES;
				SWIFT_VERSION = 5.0;
				TARGETED_DEVICE_FAMILY = "1,2";
			};
			name = Debug;
		};
		4E1384BA2AF37B370063817B /* Release */ = {
			isa = XCBuildConfiguration;
			buildSettings = {
				ASSETCATALOG_COMPILER_APPICON_NAME = AppIcon;
				ASSETCATALOG_COMPILER_GLOBAL_ACCENT_COLOR_NAME = AccentColor;
				CODE_SIGN_IDENTITY = "Apple Development";
				CODE_SIGN_STYLE = Automatic;
				CURRENT_PROJECT_VERSION = 1;
				DEVELOPMENT_TEAM = 548W892M42;
				GENERATE_INFOPLIST_FILE = YES;
				INFOPLIST_FILE = NoteCard/Info.plist;
				INFOPLIST_KEY_CFBundleDisplayName = "$(APP_DISPLAY_NAME)";
				INFOPLIST_KEY_ITSAppUsesNonExemptEncryption = NO;
				INFOPLIST_KEY_LSApplicationCategoryType = "public.app-category.productivity";
				INFOPLIST_KEY_LSSupportsOpeningDocumentsInPlace = NO;
				INFOPLIST_KEY_NSPhotoLibraryAddUsageDescription = "포토 라이브러리 쓰기 권한 요청";
				INFOPLIST_KEY_NSPhotoLibraryUsageDescription = "포토 라이브러리 읽기 권한 요청";
				INFOPLIST_KEY_UIApplicationSupportsIndirectInputEvents = YES;
				INFOPLIST_KEY_UILaunchStoryboardName = LaunchScreen;
				INFOPLIST_KEY_UISupportedInterfaceOrientations = UIInterfaceOrientationPortrait;
				INFOPLIST_KEY_UISupportedInterfaceOrientations_iPad = "UIInterfaceOrientationLandscapeLeft UIInterfaceOrientationLandscapeRight UIInterfaceOrientationPortrait UIInterfaceOrientationPortraitUpsideDown";
				INFOPLIST_KEY_UISupportsDocumentBrowser = NO;
				IPHONEOS_DEPLOYMENT_TARGET = 15.0;
				LD_RUNPATH_SEARCH_PATHS = (
					"$(inherited)",
					"@executable_path/Frameworks",
				);
				MARKETING_VERSION = 2.1.1;
				PRODUCT_BUNDLE_IDENTIFIER = com.minsung.NoteCard;
				PRODUCT_NAME = "$(TARGET_NAME)";
				PROVISIONING_PROFILE_SPECIFIER = "";
				SUPPORTED_PLATFORMS = "iphoneos iphonesimulator";
				SUPPORTS_MACCATALYST = NO;
				SUPPORTS_MAC_DESIGNED_FOR_IPHONE_IPAD = NO;
				SWIFT_EMIT_LOC_STRINGS = YES;
				SWIFT_VERSION = 5.0;
				TARGETED_DEVICE_FAMILY = "1,2";
			};
			name = Release;
		};
		4EF487172EE2EA7C006ABC71 /* DebugEng */ = {
			isa = XCBuildConfiguration;
			buildSettings = {
				ALWAYS_SEARCH_USER_PATHS = NO;
				APP_DISPLAY_NAME = "NoteCard-Eng";
				ASSETCATALOG_COMPILER_GENERATE_SWIFT_ASSET_SYMBOL_EXTENSIONS = YES;
				CLANG_ANALYZER_LOCALIZABILITY_NONLOCALIZED = YES;
				CLANG_ANALYZER_NONNULL = YES;
				CLANG_ANALYZER_NUMBER_OBJECT_CONVERSION = YES_AGGRESSIVE;
				CLANG_CXX_LANGUAGE_STANDARD = "gnu++20";
				CLANG_ENABLE_MODULES = YES;
				CLANG_ENABLE_OBJC_ARC = YES;
				CLANG_ENABLE_OBJC_WEAK = YES;
				CLANG_WARN_BLOCK_CAPTURE_AUTORELEASING = YES;
				CLANG_WARN_BOOL_CONVERSION = YES;
				CLANG_WARN_COMMA = YES;
				CLANG_WARN_CONSTANT_CONVERSION = YES;
				CLANG_WARN_DEPRECATED_OBJC_IMPLEMENTATIONS = YES;
				CLANG_WARN_DIRECT_OBJC_ISA_USAGE = YES_ERROR;
				CLANG_WARN_DOCUMENTATION_COMMENTS = YES;
				CLANG_WARN_EMPTY_BODY = YES;
				CLANG_WARN_ENUM_CONVERSION = YES;
				CLANG_WARN_INFINITE_RECURSION = YES;
				CLANG_WARN_INT_CONVERSION = YES;
				CLANG_WARN_NON_LITERAL_NULL_CONVERSION = YES;
				CLANG_WARN_OBJC_IMPLICIT_RETAIN_SELF = YES;
				CLANG_WARN_OBJC_LITERAL_CONVERSION = YES;
				CLANG_WARN_OBJC_ROOT_CLASS = YES_ERROR;
				CLANG_WARN_QUOTED_INCLUDE_IN_FRAMEWORK_HEADER = YES;
				CLANG_WARN_RANGE_LOOP_ANALYSIS = YES;
				CLANG_WARN_STRICT_PROTOTYPES = YES;
				CLANG_WARN_SUSPICIOUS_MOVE = YES;
				CLANG_WARN_UNGUARDED_AVAILABILITY = YES_AGGRESSIVE;
				CLANG_WARN_UNREACHABLE_CODE = YES;
				CLANG_WARN__DUPLICATE_METHOD_MATCH = YES;
				COPY_PHASE_STRIP = NO;
				DEBUG_INFORMATION_FORMAT = dwarf;
				ENABLE_STRICT_OBJC_MSGSEND = YES;
				ENABLE_TESTABILITY = YES;
				ENABLE_USER_SCRIPT_SANDBOXING = YES;
				GCC_C_LANGUAGE_STANDARD = gnu17;
				GCC_DYNAMIC_NO_PIC = NO;
				GCC_NO_COMMON_BLOCKS = YES;
				GCC_OPTIMIZATION_LEVEL = 0;
				GCC_PREPROCESSOR_DEFINITIONS = (
					"DEBUG=1",
					"$(inherited)",
				);
				GCC_WARN_64_TO_32_BIT_CONVERSION = YES;
				GCC_WARN_ABOUT_RETURN_TYPE = YES_ERROR;
				GCC_WARN_UNDECLARED_SELECTOR = YES;
				GCC_WARN_UNINITIALIZED_AUTOS = YES_AGGRESSIVE;
				GCC_WARN_UNUSED_FUNCTION = YES;
				GCC_WARN_UNUSED_VARIABLE = YES;
				IPHONEOS_DEPLOYMENT_TARGET = 17.0;
				LOCALIZATION_PREFERS_STRING_CATALOGS = YES;
				MTL_ENABLE_DEBUG_INFO = INCLUDE_SOURCE;
				MTL_FAST_MATH = YES;
				ONLY_ACTIVE_ARCH = YES;
				SDKROOT = iphoneos;
				SWIFT_ACTIVE_COMPILATION_CONDITIONS = "DEBUG $(inherited)";
				SWIFT_OPTIMIZATION_LEVEL = "-Onone";
				SWIFT_VERSION = 5.0;
			};
			name = DebugEng;
		};
		4EF487182EE2EA7C006ABC71 /* DebugEng */ = {
			isa = XCBuildConfiguration;
			buildSettings = {
				ASSETCATALOG_COMPILER_APPICON_NAME = AppIcon;
				ASSETCATALOG_COMPILER_GLOBAL_ACCENT_COLOR_NAME = AccentColor;
				CODE_SIGN_IDENTITY = "Apple Development";
				CODE_SIGN_STYLE = Automatic;
				CURRENT_PROJECT_VERSION = 1;
				DEVELOPMENT_TEAM = 548W892M42;
				GENERATE_INFOPLIST_FILE = YES;
				INFOPLIST_FILE = NoteCard/Info.plist;
				INFOPLIST_KEY_CFBundleDisplayName = "$(APP_DISPLAY_NAME)";
				INFOPLIST_KEY_ITSAppUsesNonExemptEncryption = NO;
				INFOPLIST_KEY_LSApplicationCategoryType = "public.app-category.productivity";
				INFOPLIST_KEY_LSSupportsOpeningDocumentsInPlace = NO;
				INFOPLIST_KEY_NSPhotoLibraryAddUsageDescription = "포토 라이브러리 쓰기 권한 요청";
				INFOPLIST_KEY_NSPhotoLibraryUsageDescription = "포토 라이브러리 읽기 권한 요청";
				INFOPLIST_KEY_UIApplicationSupportsIndirectInputEvents = YES;
				INFOPLIST_KEY_UILaunchStoryboardName = LaunchScreen;
				INFOPLIST_KEY_UISupportedInterfaceOrientations = UIInterfaceOrientationPortrait;
				INFOPLIST_KEY_UISupportedInterfaceOrientations_iPad = "UIInterfaceOrientationLandscapeLeft UIInterfaceOrientationLandscapeRight UIInterfaceOrientationPortrait UIInterfaceOrientationPortraitUpsideDown";
				INFOPLIST_KEY_UISupportsDocumentBrowser = NO;
				IPHONEOS_DEPLOYMENT_TARGET = 15.0;
				LD_RUNPATH_SEARCH_PATHS = (
					"$(inherited)",
					"@executable_path/Frameworks",
				);
				MARKETING_VERSION = 2.1.1;
				PRODUCT_BUNDLE_IDENTIFIER = com.minsung.NoteCard.eng;
				PRODUCT_NAME = "$(TARGET_NAME)";
				PROVISIONING_PROFILE_SPECIFIER = "";
				SUPPORTED_PLATFORMS = "iphoneos iphonesimulator";
				SUPPORTS_MACCATALYST = NO;
				SUPPORTS_MAC_DESIGNED_FOR_IPHONE_IPAD = NO;
				SWIFT_EMIT_LOC_STRINGS = YES;
				SWIFT_VERSION = 5.0;
				TARGETED_DEVICE_FAMILY = "1,2";
			};
			name = DebugEng;
		};
/* End XCBuildConfiguration section */

/* Begin XCConfigurationList section */
		4E13849C2AF37B350063817B /* Build configuration list for PBXProject "NoteCard" */ = {
			isa = XCConfigurationList;
			buildConfigurations = (
				4E1384B62AF37B370063817B /* Debug */,
				4EF487172EE2EA7C006ABC71 /* DebugEng */,
				4E1384B72AF37B370063817B /* Release */,
			);
			defaultConfigurationIsVisible = 0;
			defaultConfigurationName = Release;
		};
		4E1384B82AF37B370063817B /* Build configuration list for PBXNativeTarget "NoteCard" */ = {
			isa = XCConfigurationList;
			buildConfigurations = (
				4E1384B92AF37B370063817B /* Debug */,
				4EF487182EE2EA7C006ABC71 /* DebugEng */,
				4E1384BA2AF37B370063817B /* Release */,
			);
			defaultConfigurationIsVisible = 0;
			defaultConfigurationName = Release;
		};
/* End XCConfigurationList section */

/* Begin XCLocalSwiftPackageReference section */
		4EAF4F2A2E38580500A1AA36 /* XCLocalSwiftPackageReference "../Library/Wisp" */ = {
			isa = XCLocalSwiftPackageReference;
			relativePath = ../Library/Wisp;
		};
/* End XCLocalSwiftPackageReference section */

/* Begin XCSwiftPackageProductDependency section */
		4EAF4F2B2E38580500A1AA36 /* Wisp */ = {
			isa = XCSwiftPackageProductDependency;
			productName = Wisp;
		};
/* End XCSwiftPackageProductDependency section */

/* Begin XCVersionGroup section */
		4E10F8422B654162007B468A /* NoteCardCoreData.xcdatamodeld */ = {
			isa = XCVersionGroup;
			children = (
				4ECD82D12E741892003A3931 /* NoteCardCoreData 2.xcdatamodel */,
				4E10F8432B654162007B468A /* NoteCardCoreData.xcdatamodel */,
			);
			currentVersion = 4ECD82D12E741892003A3931 /* NoteCardCoreData 2.xcdatamodel */;
			path = NoteCardCoreData.xcdatamodeld;
			sourceTree = "<group>";
			versionGroupType = wrapper.xcdatamodel;
		};
/* End XCVersionGroup section */
	};
	rootObject = 4E1384992AF37B350063817B /* Project object */;
}
